// !$*UTF8*$!
{
	archiveVersion = 1;
	classes = {
	};
	objectVersion = 51;
	objects = {

/* Begin PBXBuildFile section */
		C1683044F177049007316317 /* Pods_AcademicPerformanceAppTests.framework in Frameworks */ = {isa = PBXBuildFile; fileRef = 6FB03C5A43B50C237A60318F /* Pods_AcademicPerformanceAppTests.framework */; };
		D6E0C654D21FEDFD43E88694 /* Pods_AcademicPerformanceAppUITests.framework in Frameworks */ = {isa = PBXBuildFile; fileRef = 9FB603E1CEB47EE1F207DA81 /* Pods_AcademicPerformanceAppUITests.framework */; };
		DF5BF0CE684B54605CB7D656 /* Pods_AcademicPerformanceApp.framework in Frameworks */ = {isa = PBXBuildFile; fileRef = 1A4B18EF17644DB097F0FB7B /* Pods_AcademicPerformanceApp.framework */; };
		ED02F5C2227B740800236928 /* LectureListViewProtocol.swift in Sources */ = {isa = PBXBuildFile; fileRef = ED02F5C1227B740800236928 /* LectureListViewProtocol.swift */; };
		ED02F5C4227B741B00236928 /* LectureListInteractorProtocol.swift in Sources */ = {isa = PBXBuildFile; fileRef = ED02F5C3227B741B00236928 /* LectureListInteractorProtocol.swift */; };
		ED02F5C6227B742800236928 /* LectureListInteractor.swift in Sources */ = {isa = PBXBuildFile; fileRef = ED02F5C5227B742800236928 /* LectureListInteractor.swift */; };
		ED02F5C8227B743700236928 /* LectureListPresenterProtocol.swift in Sources */ = {isa = PBXBuildFile; fileRef = ED02F5C7227B743700236928 /* LectureListPresenterProtocol.swift */; };
		ED02F5CA227B744100236928 /* LectureListPresenter.swift in Sources */ = {isa = PBXBuildFile; fileRef = ED02F5C9227B744100236928 /* LectureListPresenter.swift */; };
		ED02F5CC227B745100236928 /* LectureListRouterProtocol.swift in Sources */ = {isa = PBXBuildFile; fileRef = ED02F5CB227B745100236928 /* LectureListRouterProtocol.swift */; };
		ED02F5CE227B745E00236928 /* LectureListRouter.swift in Sources */ = {isa = PBXBuildFile; fileRef = ED02F5CD227B745E00236928 /* LectureListRouter.swift */; };
		ED02F5D0227B747100236928 /* LectureListConfiguratorProtocol.swift in Sources */ = {isa = PBXBuildFile; fileRef = ED02F5CF227B747100236928 /* LectureListConfiguratorProtocol.swift */; };
		ED02F5D2227B748200236928 /* LectureListConfigurator.swift in Sources */ = {isa = PBXBuildFile; fileRef = ED02F5D1227B748200236928 /* LectureListConfigurator.swift */; };
		ED0EE7E8220475F500E4726B /* ViperModuleTransitionHandler.swift in Sources */ = {isa = PBXBuildFile; fileRef = ED0EE7E7220475F500E4726B /* ViperModuleTransitionHandler.swift */; };
		ED1A414621F9BF760005A877 /* ExtensionUIColor.swift in Sources */ = {isa = PBXBuildFile; fileRef = ED1A414521F9BF760005A877 /* ExtensionUIColor.swift */; };
		ED1E47AF22856CA700C883E7 /* AboutViewController.swift in Sources */ = {isa = PBXBuildFile; fileRef = ED1E47AE22856CA700C883E7 /* AboutViewController.swift */; };
		ED1FF5C5227313C900811591 /* tmpVC.swift in Sources */ = {isa = PBXBuildFile; fileRef = ED1FF5C4227313C900811591 /* tmpVC.swift */; };
		ED499B1921F21C7F00AF32FD /* LoginViewController.swift in Sources */ = {isa = PBXBuildFile; fileRef = ED499B1821F21C7F00AF32FD /* LoginViewController.swift */; };
		ED49B40322705370003AFFE5 /* BubbleCells.swift in Sources */ = {isa = PBXBuildFile; fileRef = ED49B40222705370003AFFE5 /* BubbleCells.swift */; };
		ED49B4062270670F003AFFE5 /* AnswersListViewController.swift in Sources */ = {isa = PBXBuildFile; fileRef = ED49B4052270670F003AFFE5 /* AnswersListViewController.swift */; };
		ED49B408227084D4003AFFE5 /* AnswerCell.swift in Sources */ = {isa = PBXBuildFile; fileRef = ED49B407227084D4003AFFE5 /* AnswerCell.swift */; };
		ED6E6B5E2281BDAE0095FD4C /* vc.swift in Sources */ = {isa = PBXBuildFile; fileRef = ED6E6B5D2281BDAE0095FD4C /* vc.swift */; };
		ED6F69A72275758C004C1619 /* ExtensionUIViewController.swift in Sources */ = {isa = PBXBuildFile; fileRef = ED6F69A62275758C004C1619 /* ExtensionUIViewController.swift */; };
		ED6F69AE22757EAA004C1619 /* SubjectListView.swift in Sources */ = {isa = PBXBuildFile; fileRef = ED6F69AD22757EAA004C1619 /* SubjectListView.swift */; };
		ED6F69B022757F5B004C1619 /* SubjectListRouter.swift in Sources */ = {isa = PBXBuildFile; fileRef = ED6F69AF22757F5B004C1619 /* SubjectListRouter.swift */; };
		ED6F69B222757F69004C1619 /* SubjectListRouterProtocol.swift in Sources */ = {isa = PBXBuildFile; fileRef = ED6F69B122757F69004C1619 /* SubjectListRouterProtocol.swift */; };
		ED6F69B422757FC5004C1619 /* SubjectListPresenter.swift in Sources */ = {isa = PBXBuildFile; fileRef = ED6F69B322757FC5004C1619 /* SubjectListPresenter.swift */; };
		ED6F69B622757FD3004C1619 /* SubjectListPresenterProtocol.swift in Sources */ = {isa = PBXBuildFile; fileRef = ED6F69B522757FD3004C1619 /* SubjectListPresenterProtocol.swift */; };
		ED6F69B82275814F004C1619 /* SubjectListInteractor.swift in Sources */ = {isa = PBXBuildFile; fileRef = ED6F69B72275814F004C1619 /* SubjectListInteractor.swift */; };
		ED6F69BA2275815D004C1619 /* SubjectListInteractorProtocol.swift in Sources */ = {isa = PBXBuildFile; fileRef = ED6F69B92275815D004C1619 /* SubjectListInteractorProtocol.swift */; };
		ED6F69BC227582DA004C1619 /* SubjectListConfiguratorProtocol.swift in Sources */ = {isa = PBXBuildFile; fileRef = ED6F69BB227582DA004C1619 /* SubjectListConfiguratorProtocol.swift */; };
		ED6F69BE227582E5004C1619 /* SubjectListConfigurator.swift in Sources */ = {isa = PBXBuildFile; fileRef = ED6F69BD227582E5004C1619 /* SubjectListConfigurator.swift */; };
		ED6FF5C921F6506500E717D9 /* AuthService.swift in Sources */ = {isa = PBXBuildFile; fileRef = ED6FF5C821F6506500E717D9 /* AuthService.swift */; };
		ED819BC521F60F5E007956F3 /* ErrorsExtension.swift in Sources */ = {isa = PBXBuildFile; fileRef = ED819BC421F60F5E007956F3 /* ErrorsExtension.swift */; };
		ED819BC721F61A9A007956F3 /* ValidationService.swift in Sources */ = {isa = PBXBuildFile; fileRef = ED819BC621F61A9A007956F3 /* ValidationService.swift */; };
		ED8A4F2F2282BF810033DAB2 /* GoogleService-Info.plist in Resources */ = {isa = PBXBuildFile; fileRef = ED8A4F2E2282BF810033DAB2 /* GoogleService-Info.plist */; };
		ED8A4F312282C1280033DAB2 /* AuthFBService.swift in Sources */ = {isa = PBXBuildFile; fileRef = ED8A4F302282C1280033DAB2 /* AuthFBService.swift */; };
		ED8A4F332282EF5F0033DAB2 /* ItemLoader.swift in Sources */ = {isa = PBXBuildFile; fileRef = ED8A4F322282EF5F0033DAB2 /* ItemLoader.swift */; };
		ED98A144224274E9003FACA8 /* TabsScreen.storyboard in Resources */ = {isa = PBXBuildFile; fileRef = ED98A143224274E9003FACA8 /* TabsScreen.storyboard */; };
		ED9C09BD2277616200716666 /* Subject.swift in Sources */ = {isa = PBXBuildFile; fileRef = ED9C09BC2277616200716666 /* Subject.swift */; };
		ED9C09BF2277676300716666 /* Lecture.swift in Sources */ = {isa = PBXBuildFile; fileRef = ED9C09BE2277676300716666 /* Lecture.swift */; };
		ED9C09C12277695A00716666 /* Answer.swift in Sources */ = {isa = PBXBuildFile; fileRef = ED9C09C02277695A00716666 /* Answer.swift */; };
		ED9ED44D21F9E6E600761C09 /* RegistrationConfiguratorProtocol.swift in Sources */ = {isa = PBXBuildFile; fileRef = ED9ED44C21F9E6E600761C09 /* RegistrationConfiguratorProtocol.swift */; };
		ED9ED44F21F9E6F700761C09 /* RegistrationConfigurator.swift in Sources */ = {isa = PBXBuildFile; fileRef = ED9ED44E21F9E6F700761C09 /* RegistrationConfigurator.swift */; };
		ED9ED45121F9E71100761C09 /* RegistrationInteractorProtocol.swift in Sources */ = {isa = PBXBuildFile; fileRef = ED9ED45021F9E71100761C09 /* RegistrationInteractorProtocol.swift */; };
		ED9ED45321F9E71F00761C09 /* RegistrationInteractor.swift in Sources */ = {isa = PBXBuildFile; fileRef = ED9ED45221F9E71F00761C09 /* RegistrationInteractor.swift */; };
		ED9ED45521F9E72D00761C09 /* RegistrationPresenterProtocol.swift in Sources */ = {isa = PBXBuildFile; fileRef = ED9ED45421F9E72D00761C09 /* RegistrationPresenterProtocol.swift */; };
		ED9ED45721F9E73B00761C09 /* RegistrationPresenter.swift in Sources */ = {isa = PBXBuildFile; fileRef = ED9ED45621F9E73B00761C09 /* RegistrationPresenter.swift */; };
		ED9ED45921F9E74C00761C09 /* RegistrationRouterProtocol.swift in Sources */ = {isa = PBXBuildFile; fileRef = ED9ED45821F9E74C00761C09 /* RegistrationRouterProtocol.swift */; };
		ED9ED45B21F9E75600761C09 /* RegistrationRouter.swift in Sources */ = {isa = PBXBuildFile; fileRef = ED9ED45A21F9E75600761C09 /* RegistrationRouter.swift */; };
		ED9ED45D21F9E76500761C09 /* RegistrationViewProtocol.swift in Sources */ = {isa = PBXBuildFile; fileRef = ED9ED45C21F9E76500761C09 /* RegistrationViewProtocol.swift */; };
		EDA3343F228200A100180272 /* SplashViewController.swift in Sources */ = {isa = PBXBuildFile; fileRef = EDA3343E228200A100180272 /* SplashViewController.swift */; };
		EDA550F221FB522D0008B9DC /* ForgetPasswordViewController.swift in Sources */ = {isa = PBXBuildFile; fileRef = EDA550F121FB522D0008B9DC /* ForgetPasswordViewController.swift */; };
		EDBEF68F226F95BC009E7865 /* LiveLectureViewController.swift in Sources */ = {isa = PBXBuildFile; fileRef = EDBEF68E226F95BC009E7865 /* LiveLectureViewController.swift */; };
		EDD7392321F6FEC600CAC9FD /* User.swift in Sources */ = {isa = PBXBuildFile; fileRef = EDD7392221F6FEC600CAC9FD /* User.swift */; };
		EDD7392521F7297E00CAC9FD /* ServerService.swift in Sources */ = {isa = PBXBuildFile; fileRef = EDD7392421F7297E00CAC9FD /* ServerService.swift */; };
		EDDEB47921F0A71000330EE1 /* AppDelegate.swift in Sources */ = {isa = PBXBuildFile; fileRef = EDDEB47821F0A71000330EE1 /* AppDelegate.swift */; };
		EDDEB47B21F0A71000330EE1 /* ViewController.swift in Sources */ = {isa = PBXBuildFile; fileRef = EDDEB47A21F0A71000330EE1 /* ViewController.swift */; };
		EDDEB47E21F0A71000330EE1 /* Main.storyboard in Resources */ = {isa = PBXBuildFile; fileRef = EDDEB47C21F0A71000330EE1 /* Main.storyboard */; };
		EDDEB48121F0A71000330EE1 /* AcademicPerformanceApp.xcdatamodeld in Sources */ = {isa = PBXBuildFile; fileRef = EDDEB47F21F0A71000330EE1 /* AcademicPerformanceApp.xcdatamodeld */; };
		EDDEB48321F0A71100330EE1 /* Assets.xcassets in Resources */ = {isa = PBXBuildFile; fileRef = EDDEB48221F0A71100330EE1 /* Assets.xcassets */; };
		EDDEB48621F0A71100330EE1 /* LaunchScreen.storyboard in Resources */ = {isa = PBXBuildFile; fileRef = EDDEB48421F0A71100330EE1 /* LaunchScreen.storyboard */; };
		EDDEB49121F0A71100330EE1 /* AcademicPerformanceAppTests.swift in Sources */ = {isa = PBXBuildFile; fileRef = EDDEB49021F0A71100330EE1 /* AcademicPerformanceAppTests.swift */; };
		EDDEB49C21F0A71100330EE1 /* AcademicPerformanceAppUITests.swift in Sources */ = {isa = PBXBuildFile; fileRef = EDDEB49B21F0A71100330EE1 /* AcademicPerformanceAppUITests.swift */; };
		EDEDE9CC2271E8D7005A06B8 /* SubjectListViewController.swift in Sources */ = {isa = PBXBuildFile; fileRef = EDEDE9CB2271E8D7005A06B8 /* SubjectListViewController.swift */; };
		EDEDE9CF2271EDCA005A06B8 /* LectureListViewController.swift in Sources */ = {isa = PBXBuildFile; fileRef = EDEDE9CE2271EDCA005A06B8 /* LectureListViewController.swift */; };
		EDEDE9D22271F8F8005A06B8 /* AnswerScreenViewController.swift in Sources */ = {isa = PBXBuildFile; fileRef = EDEDE9D12271F8F8005A06B8 /* AnswerScreenViewController.swift */; };
		EDF0028421FF7F7E00FC5E6D /* ForgetPasswordConfiguratorProtocol.swift in Sources */ = {isa = PBXBuildFile; fileRef = EDF0028321FF7F7E00FC5E6D /* ForgetPasswordConfiguratorProtocol.swift */; };
		EDF0028621FF7F8B00FC5E6D /* ForgetPasswordConfigurator.swift in Sources */ = {isa = PBXBuildFile; fileRef = EDF0028521FF7F8B00FC5E6D /* ForgetPasswordConfigurator.swift */; };
		EDF0028821FF7F9900FC5E6D /* ForgetPasswordInteractor.swift in Sources */ = {isa = PBXBuildFile; fileRef = EDF0028721FF7F9900FC5E6D /* ForgetPasswordInteractor.swift */; };
		EDF0028A21FF7FA800FC5E6D /* ForgetPasswordInteractorProtocol.swift in Sources */ = {isa = PBXBuildFile; fileRef = EDF0028921FF7FA800FC5E6D /* ForgetPasswordInteractorProtocol.swift */; };
		EDF0028C21FF7FB600FC5E6D /* ForgetPasswordPresenterProtocol.swift in Sources */ = {isa = PBXBuildFile; fileRef = EDF0028B21FF7FB600FC5E6D /* ForgetPasswordPresenterProtocol.swift */; };
		EDF0028E21FF7FC400FC5E6D /* ForgetPasswordPresenter.swift in Sources */ = {isa = PBXBuildFile; fileRef = EDF0028D21FF7FC400FC5E6D /* ForgetPasswordPresenter.swift */; };
		EDF0029021FF7FD200FC5E6D /* ForgetPasswordRouterProtocol.swift in Sources */ = {isa = PBXBuildFile; fileRef = EDF0028F21FF7FD200FC5E6D /* ForgetPasswordRouterProtocol.swift */; };
		EDF0029221FF7FE100FC5E6D /* ForgetPasswordRouter.swift in Sources */ = {isa = PBXBuildFile; fileRef = EDF0029121FF7FE100FC5E6D /* ForgetPasswordRouter.swift */; };
		EDF0029421FF802300FC5E6D /* ForgetPasswordViewProtocol.swift in Sources */ = {isa = PBXBuildFile; fileRef = EDF0029321FF802300FC5E6D /* ForgetPasswordViewProtocol.swift */; };
		EDF66BAA21F4703700A4974A /* AppConstants.swift in Sources */ = {isa = PBXBuildFile; fileRef = EDF66BA921F4703700A4974A /* AppConstants.swift */; };
		EDF66BAD21F487DB00A4974A /* ExtensionUITextField.swift in Sources */ = {isa = PBXBuildFile; fileRef = EDF66BAC21F487DB00A4974A /* ExtensionUITextField.swift */; };
		EDF66BAF21F4ABE400A4974A /* RegistrationViewController.swift in Sources */ = {isa = PBXBuildFile; fileRef = EDF66BAE21F4ABE400A4974A /* RegistrationViewController.swift */; };
		EDF66BBA21F4D5B000A4974A /* LoginConfiguratorProtocol.swift in Sources */ = {isa = PBXBuildFile; fileRef = EDF66BB921F4D5B000A4974A /* LoginConfiguratorProtocol.swift */; };
		EDF66BBC21F4D5C900A4974A /* LoginConfigurator.swift in Sources */ = {isa = PBXBuildFile; fileRef = EDF66BBB21F4D5C900A4974A /* LoginConfigurator.swift */; };
		EDF66BBE21F4D62A00A4974A /* LoginViewProtocol.swift in Sources */ = {isa = PBXBuildFile; fileRef = EDF66BBD21F4D62A00A4974A /* LoginViewProtocol.swift */; };
		EDF66BC021F4D68D00A4974A /* LoginInteractorProtocol.swift in Sources */ = {isa = PBXBuildFile; fileRef = EDF66BBF21F4D68D00A4974A /* LoginInteractorProtocol.swift */; };
		EDF66BC421F4D6BD00A4974A /* LoginInteractor.swift in Sources */ = {isa = PBXBuildFile; fileRef = EDF66BC321F4D6BD00A4974A /* LoginInteractor.swift */; };
		EDF66BC621F4D6D400A4974A /* LoginPresenterProtocol.swift in Sources */ = {isa = PBXBuildFile; fileRef = EDF66BC521F4D6D400A4974A /* LoginPresenterProtocol.swift */; };
		EDF66BC821F4D6ED00A4974A /* LoginPresenter.swift in Sources */ = {isa = PBXBuildFile; fileRef = EDF66BC721F4D6ED00A4974A /* LoginPresenter.swift */; };
		EDF66BCA21F4D70800A4974A /* LoginRouterProtocol.swift in Sources */ = {isa = PBXBuildFile; fileRef = EDF66BC921F4D70800A4974A /* LoginRouterProtocol.swift */; };
		EDF66BCC21F4D71800A4974A /* LoginRouter.swift in Sources */ = {isa = PBXBuildFile; fileRef = EDF66BCB21F4D71800A4974A /* LoginRouter.swift */; };
/* End PBXBuildFile section */

/* Begin PBXContainerItemProxy section */
		EDDEB48D21F0A71100330EE1 /* PBXContainerItemProxy */ = {
			isa = PBXContainerItemProxy;
			containerPortal = EDDEB46D21F0A71000330EE1 /* Project object */;
			proxyType = 1;
			remoteGlobalIDString = EDDEB47421F0A71000330EE1;
			remoteInfo = AcademicPerformanceApp;
		};
		EDDEB49821F0A71100330EE1 /* PBXContainerItemProxy */ = {
			isa = PBXContainerItemProxy;
			containerPortal = EDDEB46D21F0A71000330EE1 /* Project object */;
			proxyType = 1;
			remoteGlobalIDString = EDDEB47421F0A71000330EE1;
			remoteInfo = AcademicPerformanceApp;
		};
/* End PBXContainerItemProxy section */

/* Begin PBXFileReference section */
		1A4B18EF17644DB097F0FB7B /* Pods_AcademicPerformanceApp.framework */ = {isa = PBXFileReference; explicitFileType = wrapper.framework; includeInIndex = 0; path = Pods_AcademicPerformanceApp.framework; sourceTree = BUILT_PRODUCTS_DIR; };
		20BF85AC00A15AEECD4AF78F /* Pods-AcademicPerformanceAppTests.debug.xcconfig */ = {isa = PBXFileReference; includeInIndex = 1; lastKnownFileType = text.xcconfig; name = "Pods-AcademicPerformanceAppTests.debug.xcconfig"; path = "Pods/Target Support Files/Pods-AcademicPerformanceAppTests/Pods-AcademicPerformanceAppTests.debug.xcconfig"; sourceTree = "<group>"; };
		21F2468B42BB88B028C9898B /* Pods-AcademicPerformanceAppUITests.release.xcconfig */ = {isa = PBXFileReference; includeInIndex = 1; lastKnownFileType = text.xcconfig; name = "Pods-AcademicPerformanceAppUITests.release.xcconfig"; path = "Pods/Target Support Files/Pods-AcademicPerformanceAppUITests/Pods-AcademicPerformanceAppUITests.release.xcconfig"; sourceTree = "<group>"; };
		3F544DAE724BC114C9998A5F /* Pods-AcademicPerformanceApp.release.xcconfig */ = {isa = PBXFileReference; includeInIndex = 1; lastKnownFileType = text.xcconfig; name = "Pods-AcademicPerformanceApp.release.xcconfig"; path = "Pods/Target Support Files/Pods-AcademicPerformanceApp/Pods-AcademicPerformanceApp.release.xcconfig"; sourceTree = "<group>"; };
		47FB10CBB664E6CF3AB8C63F /* Pods-AcademicPerformanceAppUITests.debug.xcconfig */ = {isa = PBXFileReference; includeInIndex = 1; lastKnownFileType = text.xcconfig; name = "Pods-AcademicPerformanceAppUITests.debug.xcconfig"; path = "Pods/Target Support Files/Pods-AcademicPerformanceAppUITests/Pods-AcademicPerformanceAppUITests.debug.xcconfig"; sourceTree = "<group>"; };
		6FB03C5A43B50C237A60318F /* Pods_AcademicPerformanceAppTests.framework */ = {isa = PBXFileReference; explicitFileType = wrapper.framework; includeInIndex = 0; path = Pods_AcademicPerformanceAppTests.framework; sourceTree = BUILT_PRODUCTS_DIR; };
		96D511D7E0EF8A3F51769B3E /* Pods-AcademicPerformanceAppTests.release.xcconfig */ = {isa = PBXFileReference; includeInIndex = 1; lastKnownFileType = text.xcconfig; name = "Pods-AcademicPerformanceAppTests.release.xcconfig"; path = "Pods/Target Support Files/Pods-AcademicPerformanceAppTests/Pods-AcademicPerformanceAppTests.release.xcconfig"; sourceTree = "<group>"; };
		9FB603E1CEB47EE1F207DA81 /* Pods_AcademicPerformanceAppUITests.framework */ = {isa = PBXFileReference; explicitFileType = wrapper.framework; includeInIndex = 0; path = Pods_AcademicPerformanceAppUITests.framework; sourceTree = BUILT_PRODUCTS_DIR; };
		C8790EEB7C012EEFD7576C8C /* Pods-AcademicPerformanceApp.debug.xcconfig */ = {isa = PBXFileReference; includeInIndex = 1; lastKnownFileType = text.xcconfig; name = "Pods-AcademicPerformanceApp.debug.xcconfig"; path = "Pods/Target Support Files/Pods-AcademicPerformanceApp/Pods-AcademicPerformanceApp.debug.xcconfig"; sourceTree = "<group>"; };
		ED02F5C1227B740800236928 /* LectureListViewProtocol.swift */ = {isa = PBXFileReference; lastKnownFileType = sourcecode.swift; path = LectureListViewProtocol.swift; sourceTree = "<group>"; };
		ED02F5C3227B741B00236928 /* LectureListInteractorProtocol.swift */ = {isa = PBXFileReference; lastKnownFileType = sourcecode.swift; path = LectureListInteractorProtocol.swift; sourceTree = "<group>"; };
		ED02F5C5227B742800236928 /* LectureListInteractor.swift */ = {isa = PBXFileReference; lastKnownFileType = sourcecode.swift; path = LectureListInteractor.swift; sourceTree = "<group>"; };
		ED02F5C7227B743700236928 /* LectureListPresenterProtocol.swift */ = {isa = PBXFileReference; lastKnownFileType = sourcecode.swift; path = LectureListPresenterProtocol.swift; sourceTree = "<group>"; };
		ED02F5C9227B744100236928 /* LectureListPresenter.swift */ = {isa = PBXFileReference; lastKnownFileType = sourcecode.swift; path = LectureListPresenter.swift; sourceTree = "<group>"; };
		ED02F5CB227B745100236928 /* LectureListRouterProtocol.swift */ = {isa = PBXFileReference; lastKnownFileType = sourcecode.swift; path = LectureListRouterProtocol.swift; sourceTree = "<group>"; };
		ED02F5CD227B745E00236928 /* LectureListRouter.swift */ = {isa = PBXFileReference; lastKnownFileType = sourcecode.swift; path = LectureListRouter.swift; sourceTree = "<group>"; };
		ED02F5CF227B747100236928 /* LectureListConfiguratorProtocol.swift */ = {isa = PBXFileReference; lastKnownFileType = sourcecode.swift; path = LectureListConfiguratorProtocol.swift; sourceTree = "<group>"; };
		ED02F5D1227B748200236928 /* LectureListConfigurator.swift */ = {isa = PBXFileReference; lastKnownFileType = sourcecode.swift; path = LectureListConfigurator.swift; sourceTree = "<group>"; };
		ED0EE7E7220475F500E4726B /* ViperModuleTransitionHandler.swift */ = {isa = PBXFileReference; lastKnownFileType = sourcecode.swift; path = ViperModuleTransitionHandler.swift; sourceTree = "<group>"; };
		ED1A414521F9BF760005A877 /* ExtensionUIColor.swift */ = {isa = PBXFileReference; lastKnownFileType = sourcecode.swift; path = ExtensionUIColor.swift; sourceTree = "<group>"; };
		ED1E47AE22856CA700C883E7 /* AboutViewController.swift */ = {isa = PBXFileReference; lastKnownFileType = sourcecode.swift; path = AboutViewController.swift; sourceTree = "<group>"; };
		ED1FF5C4227313C900811591 /* tmpVC.swift */ = {isa = PBXFileReference; lastKnownFileType = sourcecode.swift; path = tmpVC.swift; sourceTree = "<group>"; };
		ED499B1821F21C7F00AF32FD /* LoginViewController.swift */ = {isa = PBXFileReference; lastKnownFileType = sourcecode.swift; path = LoginViewController.swift; sourceTree = "<group>"; };
		ED49B40222705370003AFFE5 /* BubbleCells.swift */ = {isa = PBXFileReference; lastKnownFileType = sourcecode.swift; path = BubbleCells.swift; sourceTree = "<group>"; };
		ED49B4052270670F003AFFE5 /* AnswersListViewController.swift */ = {isa = PBXFileReference; lastKnownFileType = sourcecode.swift; path = AnswersListViewController.swift; sourceTree = "<group>"; };
		ED49B407227084D4003AFFE5 /* AnswerCell.swift */ = {isa = PBXFileReference; lastKnownFileType = sourcecode.swift; path = AnswerCell.swift; sourceTree = "<group>"; };
		ED6E6B5D2281BDAE0095FD4C /* vc.swift */ = {isa = PBXFileReference; lastKnownFileType = sourcecode.swift; path = vc.swift; sourceTree = "<group>"; };
		ED6F69A62275758C004C1619 /* ExtensionUIViewController.swift */ = {isa = PBXFileReference; lastKnownFileType = sourcecode.swift; path = ExtensionUIViewController.swift; sourceTree = "<group>"; };
		ED6F69AD22757EAA004C1619 /* SubjectListView.swift */ = {isa = PBXFileReference; lastKnownFileType = sourcecode.swift; path = SubjectListView.swift; sourceTree = "<group>"; };
		ED6F69AF22757F5B004C1619 /* SubjectListRouter.swift */ = {isa = PBXFileReference; lastKnownFileType = sourcecode.swift; path = SubjectListRouter.swift; sourceTree = "<group>"; };
		ED6F69B122757F69004C1619 /* SubjectListRouterProtocol.swift */ = {isa = PBXFileReference; lastKnownFileType = sourcecode.swift; path = SubjectListRouterProtocol.swift; sourceTree = "<group>"; };
		ED6F69B322757FC5004C1619 /* SubjectListPresenter.swift */ = {isa = PBXFileReference; lastKnownFileType = sourcecode.swift; path = SubjectListPresenter.swift; sourceTree = "<group>"; };
		ED6F69B522757FD3004C1619 /* SubjectListPresenterProtocol.swift */ = {isa = PBXFileReference; lastKnownFileType = sourcecode.swift; path = SubjectListPresenterProtocol.swift; sourceTree = "<group>"; };
		ED6F69B72275814F004C1619 /* SubjectListInteractor.swift */ = {isa = PBXFileReference; lastKnownFileType = sourcecode.swift; path = SubjectListInteractor.swift; sourceTree = "<group>"; };
		ED6F69B92275815D004C1619 /* SubjectListInteractorProtocol.swift */ = {isa = PBXFileReference; lastKnownFileType = sourcecode.swift; path = SubjectListInteractorProtocol.swift; sourceTree = "<group>"; };
		ED6F69BB227582DA004C1619 /* SubjectListConfiguratorProtocol.swift */ = {isa = PBXFileReference; lastKnownFileType = sourcecode.swift; path = SubjectListConfiguratorProtocol.swift; sourceTree = "<group>"; };
		ED6F69BD227582E5004C1619 /* SubjectListConfigurator.swift */ = {isa = PBXFileReference; lastKnownFileType = sourcecode.swift; path = SubjectListConfigurator.swift; sourceTree = "<group>"; };
		ED6FF5C821F6506500E717D9 /* AuthService.swift */ = {isa = PBXFileReference; lastKnownFileType = sourcecode.swift; path = AuthService.swift; sourceTree = "<group>"; };
		ED819BC421F60F5E007956F3 /* ErrorsExtension.swift */ = {isa = PBXFileReference; lastKnownFileType = sourcecode.swift; path = ErrorsExtension.swift; sourceTree = "<group>"; };
		ED819BC621F61A9A007956F3 /* ValidationService.swift */ = {isa = PBXFileReference; lastKnownFileType = sourcecode.swift; path = ValidationService.swift; sourceTree = "<group>"; };
		ED8A4F2E2282BF810033DAB2 /* GoogleService-Info.plist */ = {isa = PBXFileReference; fileEncoding = 4; lastKnownFileType = text.plist.xml; name = "GoogleService-Info.plist"; path = "../../../GoogleService-Info.plist"; sourceTree = "<group>"; };
		ED8A4F302282C1280033DAB2 /* AuthFBService.swift */ = {isa = PBXFileReference; lastKnownFileType = sourcecode.swift; path = AuthFBService.swift; sourceTree = "<group>"; };
		ED8A4F322282EF5F0033DAB2 /* ItemLoader.swift */ = {isa = PBXFileReference; lastKnownFileType = sourcecode.swift; path = ItemLoader.swift; sourceTree = "<group>"; };
		ED98A143224274E9003FACA8 /* TabsScreen.storyboard */ = {isa = PBXFileReference; lastKnownFileType = file.storyboard; path = TabsScreen.storyboard; sourceTree = "<group>"; };
		ED9C09BC2277616200716666 /* Subject.swift */ = {isa = PBXFileReference; lastKnownFileType = sourcecode.swift; path = Subject.swift; sourceTree = "<group>"; };
		ED9C09BE2277676300716666 /* Lecture.swift */ = {isa = PBXFileReference; lastKnownFileType = sourcecode.swift; path = Lecture.swift; sourceTree = "<group>"; };
		ED9C09C02277695A00716666 /* Answer.swift */ = {isa = PBXFileReference; lastKnownFileType = sourcecode.swift; path = Answer.swift; sourceTree = "<group>"; };
		ED9ED44C21F9E6E600761C09 /* RegistrationConfiguratorProtocol.swift */ = {isa = PBXFileReference; lastKnownFileType = sourcecode.swift; path = RegistrationConfiguratorProtocol.swift; sourceTree = "<group>"; };
		ED9ED44E21F9E6F700761C09 /* RegistrationConfigurator.swift */ = {isa = PBXFileReference; lastKnownFileType = sourcecode.swift; path = RegistrationConfigurator.swift; sourceTree = "<group>"; };
		ED9ED45021F9E71100761C09 /* RegistrationInteractorProtocol.swift */ = {isa = PBXFileReference; lastKnownFileType = sourcecode.swift; path = RegistrationInteractorProtocol.swift; sourceTree = "<group>"; };
		ED9ED45221F9E71F00761C09 /* RegistrationInteractor.swift */ = {isa = PBXFileReference; lastKnownFileType = sourcecode.swift; path = RegistrationInteractor.swift; sourceTree = "<group>"; };
		ED9ED45421F9E72D00761C09 /* RegistrationPresenterProtocol.swift */ = {isa = PBXFileReference; lastKnownFileType = sourcecode.swift; path = RegistrationPresenterProtocol.swift; sourceTree = "<group>"; };
		ED9ED45621F9E73B00761C09 /* RegistrationPresenter.swift */ = {isa = PBXFileReference; lastKnownFileType = sourcecode.swift; path = RegistrationPresenter.swift; sourceTree = "<group>"; };
		ED9ED45821F9E74C00761C09 /* RegistrationRouterProtocol.swift */ = {isa = PBXFileReference; lastKnownFileType = sourcecode.swift; path = RegistrationRouterProtocol.swift; sourceTree = "<group>"; };
		ED9ED45A21F9E75600761C09 /* RegistrationRouter.swift */ = {isa = PBXFileReference; lastKnownFileType = sourcecode.swift; path = RegistrationRouter.swift; sourceTree = "<group>"; };
		ED9ED45C21F9E76500761C09 /* RegistrationViewProtocol.swift */ = {isa = PBXFileReference; lastKnownFileType = sourcecode.swift; path = RegistrationViewProtocol.swift; sourceTree = "<group>"; };
		EDA3343E228200A100180272 /* SplashViewController.swift */ = {isa = PBXFileReference; lastKnownFileType = sourcecode.swift; path = SplashViewController.swift; sourceTree = "<group>"; };
		EDA550F121FB522D0008B9DC /* ForgetPasswordViewController.swift */ = {isa = PBXFileReference; lastKnownFileType = sourcecode.swift; path = ForgetPasswordViewController.swift; sourceTree = "<group>"; };
		EDBEF68E226F95BC009E7865 /* LiveLectureViewController.swift */ = {isa = PBXFileReference; lastKnownFileType = sourcecode.swift; path = LiveLectureViewController.swift; sourceTree = "<group>"; };
		EDD7392221F6FEC600CAC9FD /* User.swift */ = {isa = PBXFileReference; lastKnownFileType = sourcecode.swift; path = User.swift; sourceTree = "<group>"; };
		EDD7392421F7297E00CAC9FD /* ServerService.swift */ = {isa = PBXFileReference; lastKnownFileType = sourcecode.swift; path = ServerService.swift; sourceTree = "<group>"; };
		EDDEB47521F0A71000330EE1 /* AcademicPerformanceApp.app */ = {isa = PBXFileReference; explicitFileType = wrapper.application; includeInIndex = 0; path = AcademicPerformanceApp.app; sourceTree = BUILT_PRODUCTS_DIR; };
		EDDEB47821F0A71000330EE1 /* AppDelegate.swift */ = {isa = PBXFileReference; lastKnownFileType = sourcecode.swift; path = AppDelegate.swift; sourceTree = "<group>"; };
		EDDEB47A21F0A71000330EE1 /* ViewController.swift */ = {isa = PBXFileReference; lastKnownFileType = sourcecode.swift; path = ViewController.swift; sourceTree = "<group>"; };
		EDDEB47D21F0A71000330EE1 /* Base */ = {isa = PBXFileReference; lastKnownFileType = file.storyboard; name = Base; path = Base.lproj/Main.storyboard; sourceTree = "<group>"; };
		EDDEB48021F0A71000330EE1 /* AcademicPerformanceApp.xcdatamodel */ = {isa = PBXFileReference; lastKnownFileType = wrapper.xcdatamodel; path = AcademicPerformanceApp.xcdatamodel; sourceTree = "<group>"; };
		EDDEB48221F0A71100330EE1 /* Assets.xcassets */ = {isa = PBXFileReference; lastKnownFileType = folder.assetcatalog; path = Assets.xcassets; sourceTree = "<group>"; };
		EDDEB48521F0A71100330EE1 /* Base */ = {isa = PBXFileReference; lastKnownFileType = file.storyboard; name = Base; path = Base.lproj/LaunchScreen.storyboard; sourceTree = "<group>"; };
		EDDEB48721F0A71100330EE1 /* Info.plist */ = {isa = PBXFileReference; lastKnownFileType = text.plist.xml; path = Info.plist; sourceTree = "<group>"; };
		EDDEB48C21F0A71100330EE1 /* AcademicPerformanceAppTests.xctest */ = {isa = PBXFileReference; explicitFileType = wrapper.cfbundle; includeInIndex = 0; path = AcademicPerformanceAppTests.xctest; sourceTree = BUILT_PRODUCTS_DIR; };
		EDDEB49021F0A71100330EE1 /* AcademicPerformanceAppTests.swift */ = {isa = PBXFileReference; lastKnownFileType = sourcecode.swift; path = AcademicPerformanceAppTests.swift; sourceTree = "<group>"; };
		EDDEB49221F0A71100330EE1 /* Info.plist */ = {isa = PBXFileReference; lastKnownFileType = text.plist.xml; path = Info.plist; sourceTree = "<group>"; };
		EDDEB49721F0A71100330EE1 /* AcademicPerformanceAppUITests.xctest */ = {isa = PBXFileReference; explicitFileType = wrapper.cfbundle; includeInIndex = 0; path = AcademicPerformanceAppUITests.xctest; sourceTree = BUILT_PRODUCTS_DIR; };
		EDDEB49B21F0A71100330EE1 /* AcademicPerformanceAppUITests.swift */ = {isa = PBXFileReference; lastKnownFileType = sourcecode.swift; path = AcademicPerformanceAppUITests.swift; sourceTree = "<group>"; };
		EDDEB49D21F0A71100330EE1 /* Info.plist */ = {isa = PBXFileReference; lastKnownFileType = text.plist.xml; path = Info.plist; sourceTree = "<group>"; };
		EDEDE9CB2271E8D7005A06B8 /* SubjectListViewController.swift */ = {isa = PBXFileReference; lastKnownFileType = sourcecode.swift; path = SubjectListViewController.swift; sourceTree = "<group>"; };
		EDEDE9CE2271EDCA005A06B8 /* LectureListViewController.swift */ = {isa = PBXFileReference; lastKnownFileType = sourcecode.swift; path = LectureListViewController.swift; sourceTree = "<group>"; };
		EDEDE9D12271F8F8005A06B8 /* AnswerScreenViewController.swift */ = {isa = PBXFileReference; lastKnownFileType = sourcecode.swift; path = AnswerScreenViewController.swift; sourceTree = "<group>"; };
		EDF0028321FF7F7E00FC5E6D /* ForgetPasswordConfiguratorProtocol.swift */ = {isa = PBXFileReference; lastKnownFileType = sourcecode.swift; path = ForgetPasswordConfiguratorProtocol.swift; sourceTree = "<group>"; };
		EDF0028521FF7F8B00FC5E6D /* ForgetPasswordConfigurator.swift */ = {isa = PBXFileReference; lastKnownFileType = sourcecode.swift; path = ForgetPasswordConfigurator.swift; sourceTree = "<group>"; };
		EDF0028721FF7F9900FC5E6D /* ForgetPasswordInteractor.swift */ = {isa = PBXFileReference; lastKnownFileType = sourcecode.swift; path = ForgetPasswordInteractor.swift; sourceTree = "<group>"; };
		EDF0028921FF7FA800FC5E6D /* ForgetPasswordInteractorProtocol.swift */ = {isa = PBXFileReference; lastKnownFileType = sourcecode.swift; path = ForgetPasswordInteractorProtocol.swift; sourceTree = "<group>"; };
		EDF0028B21FF7FB600FC5E6D /* ForgetPasswordPresenterProtocol.swift */ = {isa = PBXFileReference; lastKnownFileType = sourcecode.swift; path = ForgetPasswordPresenterProtocol.swift; sourceTree = "<group>"; };
		EDF0028D21FF7FC400FC5E6D /* ForgetPasswordPresenter.swift */ = {isa = PBXFileReference; lastKnownFileType = sourcecode.swift; path = ForgetPasswordPresenter.swift; sourceTree = "<group>"; };
		EDF0028F21FF7FD200FC5E6D /* ForgetPasswordRouterProtocol.swift */ = {isa = PBXFileReference; lastKnownFileType = sourcecode.swift; path = ForgetPasswordRouterProtocol.swift; sourceTree = "<group>"; };
		EDF0029121FF7FE100FC5E6D /* ForgetPasswordRouter.swift */ = {isa = PBXFileReference; lastKnownFileType = sourcecode.swift; path = ForgetPasswordRouter.swift; sourceTree = "<group>"; };
		EDF0029321FF802300FC5E6D /* ForgetPasswordViewProtocol.swift */ = {isa = PBXFileReference; lastKnownFileType = sourcecode.swift; path = ForgetPasswordViewProtocol.swift; sourceTree = "<group>"; };
		EDF66BA921F4703700A4974A /* AppConstants.swift */ = {isa = PBXFileReference; lastKnownFileType = sourcecode.swift; path = AppConstants.swift; sourceTree = "<group>"; };
		EDF66BAC21F487DB00A4974A /* ExtensionUITextField.swift */ = {isa = PBXFileReference; lastKnownFileType = sourcecode.swift; path = ExtensionUITextField.swift; sourceTree = "<group>"; };
		EDF66BAE21F4ABE400A4974A /* RegistrationViewController.swift */ = {isa = PBXFileReference; lastKnownFileType = sourcecode.swift; path = RegistrationViewController.swift; sourceTree = "<group>"; };
		EDF66BB921F4D5B000A4974A /* LoginConfiguratorProtocol.swift */ = {isa = PBXFileReference; lastKnownFileType = sourcecode.swift; path = LoginConfiguratorProtocol.swift; sourceTree = "<group>"; };
		EDF66BBB21F4D5C900A4974A /* LoginConfigurator.swift */ = {isa = PBXFileReference; lastKnownFileType = sourcecode.swift; path = LoginConfigurator.swift; sourceTree = "<group>"; };
		EDF66BBD21F4D62A00A4974A /* LoginViewProtocol.swift */ = {isa = PBXFileReference; lastKnownFileType = sourcecode.swift; path = LoginViewProtocol.swift; sourceTree = "<group>"; };
		EDF66BBF21F4D68D00A4974A /* LoginInteractorProtocol.swift */ = {isa = PBXFileReference; lastKnownFileType = sourcecode.swift; path = LoginInteractorProtocol.swift; sourceTree = "<group>"; };
		EDF66BC321F4D6BD00A4974A /* LoginInteractor.swift */ = {isa = PBXFileReference; lastKnownFileType = sourcecode.swift; path = LoginInteractor.swift; sourceTree = "<group>"; };
		EDF66BC521F4D6D400A4974A /* LoginPresenterProtocol.swift */ = {isa = PBXFileReference; lastKnownFileType = sourcecode.swift; path = LoginPresenterProtocol.swift; sourceTree = "<group>"; };
		EDF66BC721F4D6ED00A4974A /* LoginPresenter.swift */ = {isa = PBXFileReference; lastKnownFileType = sourcecode.swift; path = LoginPresenter.swift; sourceTree = "<group>"; };
		EDF66BC921F4D70800A4974A /* LoginRouterProtocol.swift */ = {isa = PBXFileReference; lastKnownFileType = sourcecode.swift; path = LoginRouterProtocol.swift; sourceTree = "<group>"; };
		EDF66BCB21F4D71800A4974A /* LoginRouter.swift */ = {isa = PBXFileReference; lastKnownFileType = sourcecode.swift; path = LoginRouter.swift; sourceTree = "<group>"; };
/* End PBXFileReference section */

/* Begin PBXFrameworksBuildPhase section */
		EDDEB47221F0A71000330EE1 /* Frameworks */ = {
			isa = PBXFrameworksBuildPhase;
			buildActionMask = 2147483647;
			files = (
				DF5BF0CE684B54605CB7D656 /* Pods_AcademicPerformanceApp.framework in Frameworks */,
			);
			runOnlyForDeploymentPostprocessing = 0;
		};
		EDDEB48921F0A71100330EE1 /* Frameworks */ = {
			isa = PBXFrameworksBuildPhase;
			buildActionMask = 2147483647;
			files = (
				C1683044F177049007316317 /* Pods_AcademicPerformanceAppTests.framework in Frameworks */,
			);
			runOnlyForDeploymentPostprocessing = 0;
		};
		EDDEB49421F0A71100330EE1 /* Frameworks */ = {
			isa = PBXFrameworksBuildPhase;
			buildActionMask = 2147483647;
			files = (
				D6E0C654D21FEDFD43E88694 /* Pods_AcademicPerformanceAppUITests.framework in Frameworks */,
			);
			runOnlyForDeploymentPostprocessing = 0;
		};
/* End PBXFrameworksBuildPhase section */

/* Begin PBXGroup section */
		1530BBB3DB4DD719BBC6EA46 /* Frameworks */ = {
			isa = PBXGroup;
			children = (
				1A4B18EF17644DB097F0FB7B /* Pods_AcademicPerformanceApp.framework */,
				6FB03C5A43B50C237A60318F /* Pods_AcademicPerformanceAppTests.framework */,
				9FB603E1CEB47EE1F207DA81 /* Pods_AcademicPerformanceAppUITests.framework */,
			);
			name = Frameworks;
			sourceTree = "<group>";
		};
		D48D8C091C9D42A5EEEED09F /* Pods */ = {
			isa = PBXGroup;
			children = (
				C8790EEB7C012EEFD7576C8C /* Pods-AcademicPerformanceApp.debug.xcconfig */,
				3F544DAE724BC114C9998A5F /* Pods-AcademicPerformanceApp.release.xcconfig */,
				20BF85AC00A15AEECD4AF78F /* Pods-AcademicPerformanceAppTests.debug.xcconfig */,
				96D511D7E0EF8A3F51769B3E /* Pods-AcademicPerformanceAppTests.release.xcconfig */,
				47FB10CBB664E6CF3AB8C63F /* Pods-AcademicPerformanceAppUITests.debug.xcconfig */,
				21F2468B42BB88B028C9898B /* Pods-AcademicPerformanceAppUITests.release.xcconfig */,
			);
			name = Pods;
			sourceTree = "<group>";
		};
		ED02F5BB227B72D400236928 /* LectureListView */ = {
			isa = PBXGroup;
			children = (
				EDEDE9CE2271EDCA005A06B8 /* LectureListViewController.swift */,
				ED02F5C1227B740800236928 /* LectureListViewProtocol.swift */,
			);
			path = LectureListView;
			sourceTree = "<group>";
		};
		ED02F5BC227B72E000236928 /* LectureListInteractor */ = {
			isa = PBXGroup;
			children = (
				ED02F5C3227B741B00236928 /* LectureListInteractorProtocol.swift */,
				ED02F5C5227B742800236928 /* LectureListInteractor.swift */,
			);
			path = LectureListInteractor;
			sourceTree = "<group>";
		};
		ED02F5BD227B72F200236928 /* LectureListPresenter */ = {
			isa = PBXGroup;
			children = (
				ED02F5C7227B743700236928 /* LectureListPresenterProtocol.swift */,
				ED02F5C9227B744100236928 /* LectureListPresenter.swift */,
			);
			path = LectureListPresenter;
			sourceTree = "<group>";
		};
		ED02F5BE227B72FE00236928 /* LectureListRouter */ = {
			isa = PBXGroup;
			children = (
				ED02F5CB227B745100236928 /* LectureListRouterProtocol.swift */,
				ED02F5CD227B745E00236928 /* LectureListRouter.swift */,
			);
			path = LectureListRouter;
			sourceTree = "<group>";
		};
		ED02F5BF227B731900236928 /* LectureEntity */ = {
			isa = PBXGroup;
			children = (
				ED9C09BE2277676300716666 /* Lecture.swift */,
			);
			path = LectureEntity;
			sourceTree = "<group>";
		};
		ED02F5C0227B732C00236928 /* LectureListConfigurator */ = {
			isa = PBXGroup;
			children = (
				ED02F5CF227B747100236928 /* LectureListConfiguratorProtocol.swift */,
				ED02F5D1227B748200236928 /* LectureListConfigurator.swift */,
			);
			path = LectureListConfigurator;
			sourceTree = "<group>";
		};
		ED1E47AD22856C8E00C883E7 /* About */ = {
			isa = PBXGroup;
			children = (
				ED1E47AE22856CA700C883E7 /* AboutViewController.swift */,
			);
			path = About;
			sourceTree = "<group>";
		};
		ED26AAAA22008C87003F1381 /* LoginRegisterSwitcher */ = {
			isa = PBXGroup;
			children = (
				ED26AAAF22008CFA003F1381 /* LoginRegisterSwitcherView */,
				ED26AAAE22008CEA003F1381 /* LoginRegisterSwitcherRouter */,
				ED26AAAD22008CDF003F1381 /* LoginRegisterSwitcherPresenter */,
				ED26AAAC22008CBD003F1381 /* LoginRegisterSwitcherInteractor */,
				ED26AAAB22008CB1003F1381 /* LoginRegisterSwitcherConfigurator */,
			);
			path = LoginRegisterSwitcher;
			sourceTree = "<group>";
		};
		ED26AAAB22008CB1003F1381 /* LoginRegisterSwitcherConfigurator */ = {
			isa = PBXGroup;
			children = (
			);
			path = LoginRegisterSwitcherConfigurator;
			sourceTree = "<group>";
		};
		ED26AAAC22008CBD003F1381 /* LoginRegisterSwitcherInteractor */ = {
			isa = PBXGroup;
			children = (
			);
			path = LoginRegisterSwitcherInteractor;
			sourceTree = "<group>";
		};
		ED26AAAD22008CDF003F1381 /* LoginRegisterSwitcherPresenter */ = {
			isa = PBXGroup;
			children = (
			);
			path = LoginRegisterSwitcherPresenter;
			sourceTree = "<group>";
		};
		ED26AAAE22008CEA003F1381 /* LoginRegisterSwitcherRouter */ = {
			isa = PBXGroup;
			children = (
			);
			path = LoginRegisterSwitcherRouter;
			sourceTree = "<group>";
		};
		ED26AAAF22008CFA003F1381 /* LoginRegisterSwitcherView */ = {
			isa = PBXGroup;
			children = (
				EDDEB47A21F0A71000330EE1 /* ViewController.swift */,
			);
			path = LoginRegisterSwitcherView;
			sourceTree = "<group>";
		};
		ED49B40122705359003AFFE5 /* Cells */ = {
			isa = PBXGroup;
			children = (
				ED49B40222705370003AFFE5 /* BubbleCells.swift */,
				ED49B407227084D4003AFFE5 /* AnswerCell.swift */,
			);
			path = Cells;
			sourceTree = "<group>";
		};
		ED49B404227066EE003AFFE5 /* AnswersList */ = {
			isa = PBXGroup;
			children = (
				ED49B4052270670F003AFFE5 /* AnswersListViewController.swift */,
				ED9C09C02277695A00716666 /* Answer.swift */,
			);
			path = AnswersList;
			sourceTree = "<group>";
		};
		ED6F69A822757E3C004C1619 /* SubjectListConfigurator */ = {
			isa = PBXGroup;
			children = (
				ED6F69BB227582DA004C1619 /* SubjectListConfiguratorProtocol.swift */,
				ED6F69BD227582E5004C1619 /* SubjectListConfigurator.swift */,
			);
			path = SubjectListConfigurator;
			sourceTree = "<group>";
		};
		ED6F69A922757E57004C1619 /* SubjectListPresenter */ = {
			isa = PBXGroup;
			children = (
				ED6F69B322757FC5004C1619 /* SubjectListPresenter.swift */,
				ED6F69B522757FD3004C1619 /* SubjectListPresenterProtocol.swift */,
			);
			path = SubjectListPresenter;
			sourceTree = "<group>";
		};
		ED6F69AA22757E6E004C1619 /* SubjectListInteractor */ = {
			isa = PBXGroup;
			children = (
				ED6F69B72275814F004C1619 /* SubjectListInteractor.swift */,
				ED6F69B92275815D004C1619 /* SubjectListInteractorProtocol.swift */,
			);
			path = SubjectListInteractor;
			sourceTree = "<group>";
		};
		ED6F69AB22757E7B004C1619 /* SubjectListRouter */ = {
			isa = PBXGroup;
			children = (
				ED6F69AF22757F5B004C1619 /* SubjectListRouter.swift */,
				ED6F69B122757F69004C1619 /* SubjectListRouterProtocol.swift */,
			);
			path = SubjectListRouter;
			sourceTree = "<group>";
		};
		ED6F69AC22757E8D004C1619 /* SubjectListView */ = {
			isa = PBXGroup;
			children = (
				EDEDE9CB2271E8D7005A06B8 /* SubjectListViewController.swift */,
				ED6F69AD22757EAA004C1619 /* SubjectListView.swift */,
			);
			path = SubjectListView;
			sourceTree = "<group>";
		};
		ED9C09BB2277614400716666 /* SubjectEntity */ = {
			isa = PBXGroup;
			children = (
				ED9C09BC2277616200716666 /* Subject.swift */,
			);
			path = SubjectEntity;
			sourceTree = "<group>";
		};
		ED9ED44521F9E5FB00761C09 /* Registration */ = {
			isa = PBXGroup;
			children = (
				ED9ED44621F9E61C00761C09 /* RegistrationConfigurator */,
				ED9ED44A21F9E65E00761C09 /* RegistrationEntity */,
				ED9ED44821F9E64300761C09 /* RegistrationInteractor */,
				ED9ED44921F9E65000761C09 /* RegistrationPresenter */,
				ED9ED44B21F9E66900761C09 /* RegistrationRouter */,
				ED9ED44721F9E62F00761C09 /* RegistrationView */,
			);
			path = Registration;
			sourceTree = "<group>";
		};
		ED9ED44621F9E61C00761C09 /* RegistrationConfigurator */ = {
			isa = PBXGroup;
			children = (
				ED9ED44C21F9E6E600761C09 /* RegistrationConfiguratorProtocol.swift */,
				ED9ED44E21F9E6F700761C09 /* RegistrationConfigurator.swift */,
			);
			path = RegistrationConfigurator;
			sourceTree = "<group>";
		};
		ED9ED44721F9E62F00761C09 /* RegistrationView */ = {
			isa = PBXGroup;
			children = (
				EDF66BAE21F4ABE400A4974A /* RegistrationViewController.swift */,
				ED9ED45C21F9E76500761C09 /* RegistrationViewProtocol.swift */,
			);
			path = RegistrationView;
			sourceTree = "<group>";
		};
		ED9ED44821F9E64300761C09 /* RegistrationInteractor */ = {
			isa = PBXGroup;
			children = (
				ED9ED45021F9E71100761C09 /* RegistrationInteractorProtocol.swift */,
				ED9ED45221F9E71F00761C09 /* RegistrationInteractor.swift */,
			);
			path = RegistrationInteractor;
			sourceTree = "<group>";
		};
		ED9ED44921F9E65000761C09 /* RegistrationPresenter */ = {
			isa = PBXGroup;
			children = (
				ED9ED45421F9E72D00761C09 /* RegistrationPresenterProtocol.swift */,
				ED9ED45621F9E73B00761C09 /* RegistrationPresenter.swift */,
			);
			path = RegistrationPresenter;
			sourceTree = "<group>";
		};
		ED9ED44A21F9E65E00761C09 /* RegistrationEntity */ = {
			isa = PBXGroup;
			children = (
			);
			path = RegistrationEntity;
			sourceTree = "<group>";
		};
		ED9ED44B21F9E66900761C09 /* RegistrationRouter */ = {
			isa = PBXGroup;
			children = (
				ED9ED45821F9E74C00761C09 /* RegistrationRouterProtocol.swift */,
				ED9ED45A21F9E75600761C09 /* RegistrationRouter.swift */,
			);
			path = RegistrationRouter;
			sourceTree = "<group>";
		};
		EDA550EF21FB4ECF0008B9DC /* ForgetPassword */ = {
			isa = PBXGroup;
			children = (
				EDF0027F21FF7F1000FC5E6D /* ForgetPasswordConfigurator */,
				EDF0028021FF7F2D00FC5E6D /* ForgetPasswordInteractor */,
				EDF0028121FF7F3C00FC5E6D /* ForgetPasswordPresenter */,
				EDF0028221FF7F4B00FC5E6D /* ForgetPasswordRouter */,
				EDA550F021FB4EE10008B9DC /* ForgetPasswordView */,
			);
			path = ForgetPassword;
			sourceTree = "<group>";
		};
		EDA550F021FB4EE10008B9DC /* ForgetPasswordView */ = {
			isa = PBXGroup;
			children = (
				EDA550F121FB522D0008B9DC /* ForgetPasswordViewController.swift */,
				EDF0029321FF802300FC5E6D /* ForgetPasswordViewProtocol.swift */,
			);
			path = ForgetPasswordView;
			sourceTree = "<group>";
		};
		EDBEF68D226F9595009E7865 /* LiveLecture */ = {
			isa = PBXGroup;
			children = (
				EDBEF68E226F95BC009E7865 /* LiveLectureViewController.swift */,
			);
			path = LiveLecture;
			sourceTree = "<group>";
		};
		EDDEB46C21F0A71000330EE1 = {
			isa = PBXGroup;
			children = (
				EDDEB47721F0A71000330EE1 /* AcademicPerformanceApp */,
				EDDEB48F21F0A71100330EE1 /* AcademicPerformanceAppTests */,
				EDDEB49A21F0A71100330EE1 /* AcademicPerformanceAppUITests */,
				EDDEB47621F0A71000330EE1 /* Products */,
				D48D8C091C9D42A5EEEED09F /* Pods */,
				1530BBB3DB4DD719BBC6EA46 /* Frameworks */,
			);
			sourceTree = "<group>";
		};
		EDDEB47621F0A71000330EE1 /* Products */ = {
			isa = PBXGroup;
			children = (
				EDDEB47521F0A71000330EE1 /* AcademicPerformanceApp.app */,
				EDDEB48C21F0A71100330EE1 /* AcademicPerformanceAppTests.xctest */,
				EDDEB49721F0A71100330EE1 /* AcademicPerformanceAppUITests.xctest */,
			);
			name = Products;
			sourceTree = "<group>";
		};
		EDDEB47721F0A71000330EE1 /* AcademicPerformanceApp */ = {
			isa = PBXGroup;
			children = (
				ED8A4F2E2282BF810033DAB2 /* GoogleService-Info.plist */,
				EDF9B18121F30EDD00599888 /* app-data */,
				EDF9B17D21F30DDB00599888 /* app-modules */,
				EDF66BCD21F4E31D00A4974A /* app-services */,
				EDF9B17E21F30E0000599888 /* app-settings */,
				EDF9B18021F30E4300599888 /* app-ui */,
				EDDEB48221F0A71100330EE1 /* Assets.xcassets */,
				EDF9B17F21F30E1000599888 /* common-utils */,
				EDDEB48721F0A71100330EE1 /* Info.plist */,
			);
			path = AcademicPerformanceApp;
			sourceTree = "<group>";
		};
		EDDEB48F21F0A71100330EE1 /* AcademicPerformanceAppTests */ = {
			isa = PBXGroup;
			children = (
				EDDEB49021F0A71100330EE1 /* AcademicPerformanceAppTests.swift */,
				EDDEB49221F0A71100330EE1 /* Info.plist */,
			);
			path = AcademicPerformanceAppTests;
			sourceTree = "<group>";
		};
		EDDEB49A21F0A71100330EE1 /* AcademicPerformanceAppUITests */ = {
			isa = PBXGroup;
			children = (
				EDDEB49B21F0A71100330EE1 /* AcademicPerformanceAppUITests.swift */,
				EDDEB49D21F0A71100330EE1 /* Info.plist */,
			);
			path = AcademicPerformanceAppUITests;
			sourceTree = "<group>";
		};
		EDEDE9CA2271E8BB005A06B8 /* SubjectList */ = {
			isa = PBXGroup;
			children = (
				ED9C09BB2277614400716666 /* SubjectEntity */,
				ED6F69AC22757E8D004C1619 /* SubjectListView */,
				ED6F69AB22757E7B004C1619 /* SubjectListRouter */,
				ED6F69AA22757E6E004C1619 /* SubjectListInteractor */,
				ED6F69A922757E57004C1619 /* SubjectListPresenter */,
				ED6F69A822757E3C004C1619 /* SubjectListConfigurator */,
			);
			path = SubjectList;
			sourceTree = "<group>";
		};
		EDEDE9CD2271EDAE005A06B8 /* LectureList */ = {
			isa = PBXGroup;
			children = (
				ED02F5C0227B732C00236928 /* LectureListConfigurator */,
				ED02F5BF227B731900236928 /* LectureEntity */,
				ED02F5BE227B72FE00236928 /* LectureListRouter */,
				ED02F5BD227B72F200236928 /* LectureListPresenter */,
				ED02F5BC227B72E000236928 /* LectureListInteractor */,
				ED02F5BB227B72D400236928 /* LectureListView */,
			);
			path = LectureList;
			sourceTree = "<group>";
		};
		EDEDE9D02271F8DD005A06B8 /* AnswerScreen */ = {
			isa = PBXGroup;
			children = (
				EDEDE9D12271F8F8005A06B8 /* AnswerScreenViewController.swift */,
			);
			path = AnswerScreen;
			sourceTree = "<group>";
		};
		EDF0027F21FF7F1000FC5E6D /* ForgetPasswordConfigurator */ = {
			isa = PBXGroup;
			children = (
				EDF0028321FF7F7E00FC5E6D /* ForgetPasswordConfiguratorProtocol.swift */,
				EDF0028521FF7F8B00FC5E6D /* ForgetPasswordConfigurator.swift */,
			);
			path = ForgetPasswordConfigurator;
			sourceTree = "<group>";
		};
		EDF0028021FF7F2D00FC5E6D /* ForgetPasswordInteractor */ = {
			isa = PBXGroup;
			children = (
				EDF0028721FF7F9900FC5E6D /* ForgetPasswordInteractor.swift */,
				EDF0028921FF7FA800FC5E6D /* ForgetPasswordInteractorProtocol.swift */,
			);
			path = ForgetPasswordInteractor;
			sourceTree = "<group>";
		};
		EDF0028121FF7F3C00FC5E6D /* ForgetPasswordPresenter */ = {
			isa = PBXGroup;
			children = (
				EDF0028B21FF7FB600FC5E6D /* ForgetPasswordPresenterProtocol.swift */,
				EDF0028D21FF7FC400FC5E6D /* ForgetPasswordPresenter.swift */,
			);
			path = ForgetPasswordPresenter;
			sourceTree = "<group>";
		};
		EDF0028221FF7F4B00FC5E6D /* ForgetPasswordRouter */ = {
			isa = PBXGroup;
			children = (
				EDF0028F21FF7FD200FC5E6D /* ForgetPasswordRouterProtocol.swift */,
				EDF0029121FF7FE100FC5E6D /* ForgetPasswordRouter.swift */,
			);
			path = ForgetPasswordRouter;
			sourceTree = "<group>";
		};
		EDF66BAB21F4878F00A4974A /* ui-utils */ = {
			isa = PBXGroup;
			children = (
				EDF66BAC21F487DB00A4974A /* ExtensionUITextField.swift */,
				ED1A414521F9BF760005A877 /* ExtensionUIColor.swift */,
				ED0EE7E7220475F500E4726B /* ViperModuleTransitionHandler.swift */,
				ED6F69A62275758C004C1619 /* ExtensionUIViewController.swift */,
			);
			path = "ui-utils";
			sourceTree = "<group>";
		};
		EDF66BB221F4CEED00A4974A /* Login */ = {
			isa = PBXGroup;
			children = (
				EDF66BB821F4D1DF00A4974A /* LoginConfigurator */,
				EDF66BB421F4CF8E00A4974A /* LoginEntity */,
				EDF66BB621F4CF9B00A4974A /* LoginInteractor */,
				EDF66BB521F4CF9600A4974A /* LoginPresenter */,
				EDF66BB321F4CF8800A4974A /* LoginRouter */,
				EDF66BB721F4D1D000A4974A /* LoginView */,
			);
			path = Login;
			sourceTree = "<group>";
		};
		EDF66BB321F4CF8800A4974A /* LoginRouter */ = {
			isa = PBXGroup;
			children = (
				EDF66BC921F4D70800A4974A /* LoginRouterProtocol.swift */,
				EDF66BCB21F4D71800A4974A /* LoginRouter.swift */,
			);
			path = LoginRouter;
			sourceTree = "<group>";
		};
		EDF66BB421F4CF8E00A4974A /* LoginEntity */ = {
			isa = PBXGroup;
			children = (
				EDD7392221F6FEC600CAC9FD /* User.swift */,
			);
			path = LoginEntity;
			sourceTree = "<group>";
		};
		EDF66BB521F4CF9600A4974A /* LoginPresenter */ = {
			isa = PBXGroup;
			children = (
				EDF66BC521F4D6D400A4974A /* LoginPresenterProtocol.swift */,
				EDF66BC721F4D6ED00A4974A /* LoginPresenter.swift */,
			);
			path = LoginPresenter;
			sourceTree = "<group>";
		};
		EDF66BB621F4CF9B00A4974A /* LoginInteractor */ = {
			isa = PBXGroup;
			children = (
				EDF66BBF21F4D68D00A4974A /* LoginInteractorProtocol.swift */,
				EDF66BC321F4D6BD00A4974A /* LoginInteractor.swift */,
			);
			path = LoginInteractor;
			sourceTree = "<group>";
		};
		EDF66BB721F4D1D000A4974A /* LoginView */ = {
			isa = PBXGroup;
			children = (
				ED499B1821F21C7F00AF32FD /* LoginViewController.swift */,
				EDF66BBD21F4D62A00A4974A /* LoginViewProtocol.swift */,
			);
			path = LoginView;
			sourceTree = "<group>";
		};
		EDF66BB821F4D1DF00A4974A /* LoginConfigurator */ = {
			isa = PBXGroup;
			children = (
				EDF66BB921F4D5B000A4974A /* LoginConfiguratorProtocol.swift */,
				EDF66BBB21F4D5C900A4974A /* LoginConfigurator.swift */,
			);
			path = LoginConfigurator;
			sourceTree = "<group>";
		};
		EDF66BCD21F4E31D00A4974A /* app-services */ = {
			isa = PBXGroup;
			children = (
				ED819BC621F61A9A007956F3 /* ValidationService.swift */,
				ED6FF5C821F6506500E717D9 /* AuthService.swift */,
				EDD7392421F7297E00CAC9FD /* ServerService.swift */,
				ED8A4F302282C1280033DAB2 /* AuthFBService.swift */,
				ED8A4F322282EF5F0033DAB2 /* ItemLoader.swift */,
			);
			path = "app-services";
			sourceTree = "<group>";
		};
		EDF9B17D21F30DDB00599888 /* app-modules */ = {
			isa = PBXGroup;
			children = (
				ED1E47AD22856C8E00C883E7 /* About */,
				EDEDE9D02271F8DD005A06B8 /* AnswerScreen */,
				EDEDE9CD2271EDAE005A06B8 /* LectureList */,
				EDEDE9CA2271E8BB005A06B8 /* SubjectList */,
				ED49B404227066EE003AFFE5 /* AnswersList */,
				EDBEF68D226F9595009E7865 /* LiveLecture */,
				ED26AAAA22008C87003F1381 /* LoginRegisterSwitcher */,
				EDA550EF21FB4ECF0008B9DC /* ForgetPassword */,
				ED9ED44521F9E5FB00761C09 /* Registration */,
				EDF66BB221F4CEED00A4974A /* Login */,
				ED1FF5C4227313C900811591 /* tmpVC.swift */,
				ED6E6B5D2281BDAE0095FD4C /* vc.swift */,
				EDA3343E228200A100180272 /* SplashViewController.swift */,
			);
			path = "app-modules";
			sourceTree = "<group>";
		};
		EDF9B17E21F30E0000599888 /* app-settings */ = {
			isa = PBXGroup;
			children = (
				EDDEB47821F0A71000330EE1 /* AppDelegate.swift */,
			);
			path = "app-settings";
			sourceTree = "<group>";
		};
		EDF9B17F21F30E1000599888 /* common-utils */ = {
			isa = PBXGroup;
			children = (
				EDF66BAB21F4878F00A4974A /* ui-utils */,
				EDF66BA921F4703700A4974A /* AppConstants.swift */,
				ED819BC421F60F5E007956F3 /* ErrorsExtension.swift */,
			);
			path = "common-utils";
			sourceTree = "<group>";
		};
		EDF9B18021F30E4300599888 /* app-ui */ = {
			isa = PBXGroup;
			children = (
				ED49B40122705359003AFFE5 /* Cells */,
				EDDEB47C21F0A71000330EE1 /* Main.storyboard */,
				EDDEB48421F0A71100330EE1 /* LaunchScreen.storyboard */,
				ED98A143224274E9003FACA8 /* TabsScreen.storyboard */,
			);
			path = "app-ui";
			sourceTree = "<group>";
		};
		EDF9B18121F30EDD00599888 /* app-data */ = {
			isa = PBXGroup;
			children = (
				EDDEB47F21F0A71000330EE1 /* AcademicPerformanceApp.xcdatamodeld */,
			);
			path = "app-data";
			sourceTree = "<group>";
		};
/* End PBXGroup section */

/* Begin PBXNativeTarget section */
		EDDEB47421F0A71000330EE1 /* AcademicPerformanceApp */ = {
			isa = PBXNativeTarget;
			buildConfigurationList = EDDEB4A021F0A71100330EE1 /* Build configuration list for PBXNativeTarget "AcademicPerformanceApp" */;
			buildPhases = (
				A4AE0ED7BCAC2A0890039B38 /* [CP] Check Pods Manifest.lock */,
				EDDEB47121F0A71000330EE1 /* Sources */,
				EDDEB47221F0A71000330EE1 /* Frameworks */,
				EDDEB47321F0A71000330EE1 /* Resources */,
				78015EC290DD250FEA854ECE /* [CP] Embed Pods Frameworks */,
			);
			buildRules = (
			);
			dependencies = (
			);
			name = AcademicPerformanceApp;
			productName = AcademicPerformanceApp;
			productReference = EDDEB47521F0A71000330EE1 /* AcademicPerformanceApp.app */;
			productType = "com.apple.product-type.application";
		};
		EDDEB48B21F0A71100330EE1 /* AcademicPerformanceAppTests */ = {
			isa = PBXNativeTarget;
			buildConfigurationList = EDDEB4A321F0A71100330EE1 /* Build configuration list for PBXNativeTarget "AcademicPerformanceAppTests" */;
			buildPhases = (
				21DBBDDCD764FE3E7C747EDD /* [CP] Check Pods Manifest.lock */,
				EDDEB48821F0A71100330EE1 /* Sources */,
				EDDEB48921F0A71100330EE1 /* Frameworks */,
				EDDEB48A21F0A71100330EE1 /* Resources */,
			);
			buildRules = (
			);
			dependencies = (
				EDDEB48E21F0A71100330EE1 /* PBXTargetDependency */,
			);
			name = AcademicPerformanceAppTests;
			productName = AcademicPerformanceAppTests;
			productReference = EDDEB48C21F0A71100330EE1 /* AcademicPerformanceAppTests.xctest */;
			productType = "com.apple.product-type.bundle.unit-test";
		};
		EDDEB49621F0A71100330EE1 /* AcademicPerformanceAppUITests */ = {
			isa = PBXNativeTarget;
			buildConfigurationList = EDDEB4A621F0A71100330EE1 /* Build configuration list for PBXNativeTarget "AcademicPerformanceAppUITests" */;
			buildPhases = (
				C675CD37BFC86455C53D270E /* [CP] Check Pods Manifest.lock */,
				EDDEB49321F0A71100330EE1 /* Sources */,
				EDDEB49421F0A71100330EE1 /* Frameworks */,
				EDDEB49521F0A71100330EE1 /* Resources */,
			);
			buildRules = (
			);
			dependencies = (
				EDDEB49921F0A71100330EE1 /* PBXTargetDependency */,
			);
			name = AcademicPerformanceAppUITests;
			productName = AcademicPerformanceAppUITests;
			productReference = EDDEB49721F0A71100330EE1 /* AcademicPerformanceAppUITests.xctest */;
			productType = "com.apple.product-type.bundle.ui-testing";
		};
/* End PBXNativeTarget section */

/* Begin PBXProject section */
		EDDEB46D21F0A71000330EE1 /* Project object */ = {
			isa = PBXProject;
			attributes = {
				LastSwiftUpdateCheck = 1010;
				LastUpgradeCheck = 1010;
				ORGANIZATIONNAME = kirill;
				TargetAttributes = {
					EDDEB47421F0A71000330EE1 = {
						CreatedOnToolsVersion = 10.1;
					};
					EDDEB48B21F0A71100330EE1 = {
						CreatedOnToolsVersion = 10.1;
						TestTargetID = EDDEB47421F0A71000330EE1;
					};
					EDDEB49621F0A71100330EE1 = {
						CreatedOnToolsVersion = 10.1;
						TestTargetID = EDDEB47421F0A71000330EE1;
					};
				};
			};
			buildConfigurationList = EDDEB47021F0A71000330EE1 /* Build configuration list for PBXProject "AcademicPerformanceApp" */;
			compatibilityVersion = "Xcode 9.3";
			developmentRegion = en;
			hasScannedForEncodings = 0;
			knownRegions = (
				en,
				Base,
			);
			mainGroup = EDDEB46C21F0A71000330EE1;
			productRefGroup = EDDEB47621F0A71000330EE1 /* Products */;
			projectDirPath = "";
			projectRoot = "";
			targets = (
				EDDEB47421F0A71000330EE1 /* AcademicPerformanceApp */,
				EDDEB48B21F0A71100330EE1 /* AcademicPerformanceAppTests */,
				EDDEB49621F0A71100330EE1 /* AcademicPerformanceAppUITests */,
			);
		};
/* End PBXProject section */

/* Begin PBXResourcesBuildPhase section */
		EDDEB47321F0A71000330EE1 /* Resources */ = {
			isa = PBXResourcesBuildPhase;
			buildActionMask = 2147483647;
			files = (
				EDDEB48621F0A71100330EE1 /* LaunchScreen.storyboard in Resources */,
				EDDEB48321F0A71100330EE1 /* Assets.xcassets in Resources */,
				ED8A4F2F2282BF810033DAB2 /* GoogleService-Info.plist in Resources */,
				ED98A144224274E9003FACA8 /* TabsScreen.storyboard in Resources */,
				EDDEB47E21F0A71000330EE1 /* Main.storyboard in Resources */,
			);
			runOnlyForDeploymentPostprocessing = 0;
		};
		EDDEB48A21F0A71100330EE1 /* Resources */ = {
			isa = PBXResourcesBuildPhase;
			buildActionMask = 2147483647;
			files = (
			);
			runOnlyForDeploymentPostprocessing = 0;
		};
		EDDEB49521F0A71100330EE1 /* Resources */ = {
			isa = PBXResourcesBuildPhase;
			buildActionMask = 2147483647;
			files = (
			);
			runOnlyForDeploymentPostprocessing = 0;
		};
/* End PBXResourcesBuildPhase section */

/* Begin PBXShellScriptBuildPhase section */
		21DBBDDCD764FE3E7C747EDD /* [CP] Check Pods Manifest.lock */ = {
			isa = PBXShellScriptBuildPhase;
			buildActionMask = 2147483647;
			files = (
			);
			inputFileListPaths = (
			);
			inputPaths = (
				"${PODS_PODFILE_DIR_PATH}/Podfile.lock",
				"${PODS_ROOT}/Manifest.lock",
			);
			name = "[CP] Check Pods Manifest.lock";
			outputFileListPaths = (
			);
			outputPaths = (
				"$(DERIVED_FILE_DIR)/Pods-AcademicPerformanceAppTests-checkManifestLockResult.txt",
			);
			runOnlyForDeploymentPostprocessing = 0;
			shellPath = /bin/sh;
			shellScript = "diff \"${PODS_PODFILE_DIR_PATH}/Podfile.lock\" \"${PODS_ROOT}/Manifest.lock\" > /dev/null\nif [ $? != 0 ] ; then\n    # print error to STDERR\n    echo \"error: The sandbox is not in sync with the Podfile.lock. Run 'pod install' or update your CocoaPods installation.\" >&2\n    exit 1\nfi\n# This output is used by Xcode 'outputs' to avoid re-running this script phase.\necho \"SUCCESS\" > \"${SCRIPT_OUTPUT_FILE_0}\"\n";
			showEnvVarsInLog = 0;
		};
		78015EC290DD250FEA854ECE /* [CP] Embed Pods Frameworks */ = {
			isa = PBXShellScriptBuildPhase;
			buildActionMask = 2147483647;
			files = (
			);
			inputFileListPaths = (
				"${PODS_ROOT}/Target Support Files/Pods-AcademicPerformanceApp/Pods-AcademicPerformanceApp-frameworks-${CONFIGURATION}-input-files.xcfilelist",
			);
			name = "[CP] Embed Pods Frameworks";
			outputFileListPaths = (
				"${PODS_ROOT}/Target Support Files/Pods-AcademicPerformanceApp/Pods-AcademicPerformanceApp-frameworks-${CONFIGURATION}-output-files.xcfilelist",
			);
			runOnlyForDeploymentPostprocessing = 0;
			shellPath = /bin/sh;
			shellScript = "\"${PODS_ROOT}/Target Support Files/Pods-AcademicPerformanceApp/Pods-AcademicPerformanceApp-frameworks.sh\"\n";
			showEnvVarsInLog = 0;
		};
		A4AE0ED7BCAC2A0890039B38 /* [CP] Check Pods Manifest.lock */ = {
			isa = PBXShellScriptBuildPhase;
			buildActionMask = 2147483647;
			files = (
			);
			inputFileListPaths = (
			);
			inputPaths = (
				"${PODS_PODFILE_DIR_PATH}/Podfile.lock",
				"${PODS_ROOT}/Manifest.lock",
			);
			name = "[CP] Check Pods Manifest.lock";
			outputFileListPaths = (
			);
			outputPaths = (
				"$(DERIVED_FILE_DIR)/Pods-AcademicPerformanceApp-checkManifestLockResult.txt",
			);
			runOnlyForDeploymentPostprocessing = 0;
			shellPath = /bin/sh;
			shellScript = "diff \"${PODS_PODFILE_DIR_PATH}/Podfile.lock\" \"${PODS_ROOT}/Manifest.lock\" > /dev/null\nif [ $? != 0 ] ; then\n    # print error to STDERR\n    echo \"error: The sandbox is not in sync with the Podfile.lock. Run 'pod install' or update your CocoaPods installation.\" >&2\n    exit 1\nfi\n# This output is used by Xcode 'outputs' to avoid re-running this script phase.\necho \"SUCCESS\" > \"${SCRIPT_OUTPUT_FILE_0}\"\n";
			showEnvVarsInLog = 0;
		};
		C675CD37BFC86455C53D270E /* [CP] Check Pods Manifest.lock */ = {
			isa = PBXShellScriptBuildPhase;
			buildActionMask = 2147483647;
			files = (
			);
			inputFileListPaths = (
			);
			inputPaths = (
				"${PODS_PODFILE_DIR_PATH}/Podfile.lock",
				"${PODS_ROOT}/Manifest.lock",
			);
			name = "[CP] Check Pods Manifest.lock";
			outputFileListPaths = (
			);
			outputPaths = (
				"$(DERIVED_FILE_DIR)/Pods-AcademicPerformanceAppUITests-checkManifestLockResult.txt",
			);
			runOnlyForDeploymentPostprocessing = 0;
			shellPath = /bin/sh;
			shellScript = "diff \"${PODS_PODFILE_DIR_PATH}/Podfile.lock\" \"${PODS_ROOT}/Manifest.lock\" > /dev/null\nif [ $? != 0 ] ; then\n    # print error to STDERR\n    echo \"error: The sandbox is not in sync with the Podfile.lock. Run 'pod install' or update your CocoaPods installation.\" >&2\n    exit 1\nfi\n# This output is used by Xcode 'outputs' to avoid re-running this script phase.\necho \"SUCCESS\" > \"${SCRIPT_OUTPUT_FILE_0}\"\n";
			showEnvVarsInLog = 0;
		};
/* End PBXShellScriptBuildPhase section */

/* Begin PBXSourcesBuildPhase section */
		EDDEB47121F0A71000330EE1 /* Sources */ = {
			isa = PBXSourcesBuildPhase;
			buildActionMask = 2147483647;
			files = (
				EDF66BBE21F4D62A00A4974A /* LoginViewProtocol.swift in Sources */,
				ED819BC521F60F5E007956F3 /* ErrorsExtension.swift in Sources */,
				EDD7392521F7297E00CAC9FD /* ServerService.swift in Sources */,
				ED9C09C12277695A00716666 /* Answer.swift in Sources */,
				ED49B408227084D4003AFFE5 /* AnswerCell.swift in Sources */,
				EDF0028421FF7F7E00FC5E6D /* ForgetPasswordConfiguratorProtocol.swift in Sources */,
				ED6E6B5E2281BDAE0095FD4C /* vc.swift in Sources */,
				ED02F5C4227B741B00236928 /* LectureListInteractorProtocol.swift in Sources */,
				ED6F69BA2275815D004C1619 /* SubjectListInteractorProtocol.swift in Sources */,
				ED9ED44D21F9E6E600761C09 /* RegistrationConfiguratorProtocol.swift in Sources */,
				ED02F5CE227B745E00236928 /* LectureListRouter.swift in Sources */,
				ED819BC721F61A9A007956F3 /* ValidationService.swift in Sources */,
				ED6F69B622757FD3004C1619 /* SubjectListPresenterProtocol.swift in Sources */,
				EDF66BBA21F4D5B000A4974A /* LoginConfiguratorProtocol.swift in Sources */,
				ED9C09BD2277616200716666 /* Subject.swift in Sources */,
				EDBEF68F226F95BC009E7865 /* LiveLectureViewController.swift in Sources */,
				EDEDE9CF2271EDCA005A06B8 /* LectureListViewController.swift in Sources */,
				ED02F5D0227B747100236928 /* LectureListConfiguratorProtocol.swift in Sources */,
				EDF66BC821F4D6ED00A4974A /* LoginPresenter.swift in Sources */,
				ED6F69AE22757EAA004C1619 /* SubjectListView.swift in Sources */,
				ED6F69BC227582DA004C1619 /* SubjectListConfiguratorProtocol.swift in Sources */,
				EDF0028C21FF7FB600FC5E6D /* ForgetPasswordPresenterProtocol.swift in Sources */,
				ED9ED44F21F9E6F700761C09 /* RegistrationConfigurator.swift in Sources */,
				ED0EE7E8220475F500E4726B /* ViperModuleTransitionHandler.swift in Sources */,
				ED1E47AF22856CA700C883E7 /* AboutViewController.swift in Sources */,
				ED499B1921F21C7F00AF32FD /* LoginViewController.swift in Sources */,
				ED02F5C2227B740800236928 /* LectureListViewProtocol.swift in Sources */,
				EDDEB48121F0A71000330EE1 /* AcademicPerformanceApp.xcdatamodeld in Sources */,
				EDF0029421FF802300FC5E6D /* ForgetPasswordViewProtocol.swift in Sources */,
				EDDEB47B21F0A71000330EE1 /* ViewController.swift in Sources */,
				EDD7392321F6FEC600CAC9FD /* User.swift in Sources */,
				ED02F5C8227B743700236928 /* LectureListPresenterProtocol.swift in Sources */,
				EDF0028821FF7F9900FC5E6D /* ForgetPasswordInteractor.swift in Sources */,
				ED9ED45521F9E72D00761C09 /* RegistrationPresenterProtocol.swift in Sources */,
				EDF0029221FF7FE100FC5E6D /* ForgetPasswordRouter.swift in Sources */,
				ED6FF5C921F6506500E717D9 /* AuthService.swift in Sources */,
				EDA550F221FB522D0008B9DC /* ForgetPasswordViewController.swift in Sources */,
				ED6F69B82275814F004C1619 /* SubjectListInteractor.swift in Sources */,
				EDF66BCC21F4D71800A4974A /* LoginRouter.swift in Sources */,
				EDF66BAD21F487DB00A4974A /* ExtensionUITextField.swift in Sources */,
				ED8A4F312282C1280033DAB2 /* AuthFBService.swift in Sources */,
				ED02F5CC227B745100236928 /* LectureListRouterProtocol.swift in Sources */,
				ED6F69BE227582E5004C1619 /* SubjectListConfigurator.swift in Sources */,
				EDA3343F228200A100180272 /* SplashViewController.swift in Sources */,
				EDF66BAF21F4ABE400A4974A /* RegistrationViewController.swift in Sources */,
				EDF66BC621F4D6D400A4974A /* LoginPresenterProtocol.swift in Sources */,
				EDEDE9D22271F8F8005A06B8 /* AnswerScreenViewController.swift in Sources */,
				ED02F5D2227B748200236928 /* LectureListConfigurator.swift in Sources */,
				ED6F69A72275758C004C1619 /* ExtensionUIViewController.swift in Sources */,
				ED9ED45321F9E71F00761C09 /* RegistrationInteractor.swift in Sources */,
				ED9ED45D21F9E76500761C09 /* RegistrationViewProtocol.swift in Sources */,
				ED6F69B222757F69004C1619 /* SubjectListRouterProtocol.swift in Sources */,
				ED49B4062270670F003AFFE5 /* AnswersListViewController.swift in Sources */,
				EDF66BBC21F4D5C900A4974A /* LoginConfigurator.swift in Sources */,
				ED8A4F332282EF5F0033DAB2 /* ItemLoader.swift in Sources */,
				ED9C09BF2277676300716666 /* Lecture.swift in Sources */,
				EDF0029021FF7FD200FC5E6D /* ForgetPasswordRouterProtocol.swift in Sources */,
				EDF0028A21FF7FA800FC5E6D /* ForgetPasswordInteractorProtocol.swift in Sources */,
				ED6F69B422757FC5004C1619 /* SubjectListPresenter.swift in Sources */,
				ED9ED45121F9E71100761C09 /* RegistrationInteractorProtocol.swift in Sources */,
				ED9ED45721F9E73B00761C09 /* RegistrationPresenter.swift in Sources */,
				ED02F5C6227B742800236928 /* LectureListInteractor.swift in Sources */,
				EDF66BC421F4D6BD00A4974A /* LoginInteractor.swift in Sources */,
				ED6F69B022757F5B004C1619 /* SubjectListRouter.swift in Sources */,
				EDDEB47921F0A71000330EE1 /* AppDelegate.swift in Sources */,
				ED49B40322705370003AFFE5 /* BubbleCells.swift in Sources */,
				ED1FF5C5227313C900811591 /* tmpVC.swift in Sources */,
				EDF66BCA21F4D70800A4974A /* LoginRouterProtocol.swift in Sources */,
				EDF66BC021F4D68D00A4974A /* LoginInteractorProtocol.swift in Sources */,
				ED9ED45921F9E74C00761C09 /* RegistrationRouterProtocol.swift in Sources */,
				ED02F5CA227B744100236928 /* LectureListPresenter.swift in Sources */,
				EDF66BAA21F4703700A4974A /* AppConstants.swift in Sources */,
				ED1A414621F9BF760005A877 /* ExtensionUIColor.swift in Sources */,
				EDF0028621FF7F8B00FC5E6D /* ForgetPasswordConfigurator.swift in Sources */,
				EDF0028E21FF7FC400FC5E6D /* ForgetPasswordPresenter.swift in Sources */,
				EDEDE9CC2271E8D7005A06B8 /* SubjectListViewController.swift in Sources */,
				ED9ED45B21F9E75600761C09 /* RegistrationRouter.swift in Sources */,
			);
			runOnlyForDeploymentPostprocessing = 0;
		};
		EDDEB48821F0A71100330EE1 /* Sources */ = {
			isa = PBXSourcesBuildPhase;
			buildActionMask = 2147483647;
			files = (
				EDDEB49121F0A71100330EE1 /* AcademicPerformanceAppTests.swift in Sources */,
			);
			runOnlyForDeploymentPostprocessing = 0;
		};
		EDDEB49321F0A71100330EE1 /* Sources */ = {
			isa = PBXSourcesBuildPhase;
			buildActionMask = 2147483647;
			files = (
				EDDEB49C21F0A71100330EE1 /* AcademicPerformanceAppUITests.swift in Sources */,
			);
			runOnlyForDeploymentPostprocessing = 0;
		};
/* End PBXSourcesBuildPhase section */

/* Begin PBXTargetDependency section */
		EDDEB48E21F0A71100330EE1 /* PBXTargetDependency */ = {
			isa = PBXTargetDependency;
			target = EDDEB47421F0A71000330EE1 /* AcademicPerformanceApp */;
			targetProxy = EDDEB48D21F0A71100330EE1 /* PBXContainerItemProxy */;
		};
		EDDEB49921F0A71100330EE1 /* PBXTargetDependency */ = {
			isa = PBXTargetDependency;
			target = EDDEB47421F0A71000330EE1 /* AcademicPerformanceApp */;
			targetProxy = EDDEB49821F0A71100330EE1 /* PBXContainerItemProxy */;
		};
/* End PBXTargetDependency section */

/* Begin PBXVariantGroup section */
		EDDEB47C21F0A71000330EE1 /* Main.storyboard */ = {
			isa = PBXVariantGroup;
			children = (
				EDDEB47D21F0A71000330EE1 /* Base */,
			);
			name = Main.storyboard;
			sourceTree = "<group>";
		};
		EDDEB48421F0A71100330EE1 /* LaunchScreen.storyboard */ = {
			isa = PBXVariantGroup;
			children = (
				EDDEB48521F0A71100330EE1 /* Base */,
			);
			name = LaunchScreen.storyboard;
			sourceTree = "<group>";
		};
/* End PBXVariantGroup section */

/* Begin XCBuildConfiguration section */
		EDDEB49E21F0A71100330EE1 /* Debug */ = {
			isa = XCBuildConfiguration;
			buildSettings = {
				ALWAYS_SEARCH_USER_PATHS = NO;
				CLANG_ANALYZER_NONNULL = YES;
				CLANG_ANALYZER_NUMBER_OBJECT_CONVERSION = YES_AGGRESSIVE;
				CLANG_CXX_LANGUAGE_STANDARD = "gnu++14";
				CLANG_CXX_LIBRARY = "libc++";
				CLANG_ENABLE_MODULES = YES;
				CLANG_ENABLE_OBJC_ARC = YES;
				CLANG_ENABLE_OBJC_WEAK = YES;
				CLANG_WARN_BLOCK_CAPTURE_AUTORELEASING = YES;
				CLANG_WARN_BOOL_CONVERSION = YES;
				CLANG_WARN_COMMA = YES;
				CLANG_WARN_CONSTANT_CONVERSION = YES;
				CLANG_WARN_DEPRECATED_OBJC_IMPLEMENTATIONS = YES;
				CLANG_WARN_DIRECT_OBJC_ISA_USAGE = YES_ERROR;
				CLANG_WARN_DOCUMENTATION_COMMENTS = YES;
				CLANG_WARN_EMPTY_BODY = YES;
				CLANG_WARN_ENUM_CONVERSION = YES;
				CLANG_WARN_INFINITE_RECURSION = YES;
				CLANG_WARN_INT_CONVERSION = YES;
				CLANG_WARN_NON_LITERAL_NULL_CONVERSION = YES;
				CLANG_WARN_OBJC_IMPLICIT_RETAIN_SELF = YES;
				CLANG_WARN_OBJC_LITERAL_CONVERSION = YES;
				CLANG_WARN_OBJC_ROOT_CLASS = YES_ERROR;
				CLANG_WARN_RANGE_LOOP_ANALYSIS = YES;
				CLANG_WARN_STRICT_PROTOTYPES = YES;
				CLANG_WARN_SUSPICIOUS_MOVE = YES;
				CLANG_WARN_UNGUARDED_AVAILABILITY = YES_AGGRESSIVE;
				CLANG_WARN_UNREACHABLE_CODE = YES;
				CLANG_WARN__DUPLICATE_METHOD_MATCH = YES;
				CODE_SIGN_IDENTITY = "iPhone Developer";
				COPY_PHASE_STRIP = NO;
				DEBUG_INFORMATION_FORMAT = dwarf;
				ENABLE_STRICT_OBJC_MSGSEND = YES;
				ENABLE_TESTABILITY = YES;
				GCC_C_LANGUAGE_STANDARD = gnu11;
				GCC_DYNAMIC_NO_PIC = NO;
				GCC_NO_COMMON_BLOCKS = YES;
				GCC_OPTIMIZATION_LEVEL = 0;
				GCC_PREPROCESSOR_DEFINITIONS = (
					"DEBUG=1",
					"$(inherited)",
				);
				GCC_WARN_64_TO_32_BIT_CONVERSION = YES;
				GCC_WARN_ABOUT_RETURN_TYPE = YES_ERROR;
				GCC_WARN_UNDECLARED_SELECTOR = YES;
				GCC_WARN_UNINITIALIZED_AUTOS = YES_AGGRESSIVE;
				GCC_WARN_UNUSED_FUNCTION = YES;
				GCC_WARN_UNUSED_VARIABLE = YES;
				IPHONEOS_DEPLOYMENT_TARGET = 12.1;
				MTL_ENABLE_DEBUG_INFO = INCLUDE_SOURCE;
				MTL_FAST_MATH = YES;
				ONLY_ACTIVE_ARCH = YES;
				SDKROOT = iphoneos;
				SWIFT_ACTIVE_COMPILATION_CONDITIONS = DEBUG;
				SWIFT_OPTIMIZATION_LEVEL = "-Onone";
			};
			name = Debug;
		};
		EDDEB49F21F0A71100330EE1 /* Release */ = {
			isa = XCBuildConfiguration;
			buildSettings = {
				ALWAYS_SEARCH_USER_PATHS = NO;
				CLANG_ANALYZER_NONNULL = YES;
				CLANG_ANALYZER_NUMBER_OBJECT_CONVERSION = YES_AGGRESSIVE;
				CLANG_CXX_LANGUAGE_STANDARD = "gnu++14";
				CLANG_CXX_LIBRARY = "libc++";
				CLANG_ENABLE_MODULES = YES;
				CLANG_ENABLE_OBJC_ARC = YES;
				CLANG_ENABLE_OBJC_WEAK = YES;
				CLANG_WARN_BLOCK_CAPTURE_AUTORELEASING = YES;
				CLANG_WARN_BOOL_CONVERSION = YES;
				CLANG_WARN_COMMA = YES;
				CLANG_WARN_CONSTANT_CONVERSION = YES;
				CLANG_WARN_DEPRECATED_OBJC_IMPLEMENTATIONS = YES;
				CLANG_WARN_DIRECT_OBJC_ISA_USAGE = YES_ERROR;
				CLANG_WARN_DOCUMENTATION_COMMENTS = YES;
				CLANG_WARN_EMPTY_BODY = YES;
				CLANG_WARN_ENUM_CONVERSION = YES;
				CLANG_WARN_INFINITE_RECURSION = YES;
				CLANG_WARN_INT_CONVERSION = YES;
				CLANG_WARN_NON_LITERAL_NULL_CONVERSION = YES;
				CLANG_WARN_OBJC_IMPLICIT_RETAIN_SELF = YES;
				CLANG_WARN_OBJC_LITERAL_CONVERSION = YES;
				CLANG_WARN_OBJC_ROOT_CLASS = YES_ERROR;
				CLANG_WARN_RANGE_LOOP_ANALYSIS = YES;
				CLANG_WARN_STRICT_PROTOTYPES = YES;
				CLANG_WARN_SUSPICIOUS_MOVE = YES;
				CLANG_WARN_UNGUARDED_AVAILABILITY = YES_AGGRESSIVE;
				CLANG_WARN_UNREACHABLE_CODE = YES;
				CLANG_WARN__DUPLICATE_METHOD_MATCH = YES;
				CODE_SIGN_IDENTITY = "iPhone Developer";
				COPY_PHASE_STRIP = NO;
				DEBUG_INFORMATION_FORMAT = "dwarf-with-dsym";
				ENABLE_NS_ASSERTIONS = NO;
				ENABLE_STRICT_OBJC_MSGSEND = YES;
				GCC_C_LANGUAGE_STANDARD = gnu11;
				GCC_NO_COMMON_BLOCKS = YES;
				GCC_WARN_64_TO_32_BIT_CONVERSION = YES;
				GCC_WARN_ABOUT_RETURN_TYPE = YES_ERROR;
				GCC_WARN_UNDECLARED_SELECTOR = YES;
				GCC_WARN_UNINITIALIZED_AUTOS = YES_AGGRESSIVE;
				GCC_WARN_UNUSED_FUNCTION = YES;
				GCC_WARN_UNUSED_VARIABLE = YES;
				IPHONEOS_DEPLOYMENT_TARGET = 12.1;
				MTL_ENABLE_DEBUG_INFO = NO;
				MTL_FAST_MATH = YES;
				SDKROOT = iphoneos;
				SWIFT_COMPILATION_MODE = wholemodule;
				SWIFT_OPTIMIZATION_LEVEL = "-O";
				VALIDATE_PRODUCT = YES;
			};
			name = Release;
		};
		EDDEB4A121F0A71100330EE1 /* Debug */ = {
			isa = XCBuildConfiguration;
			baseConfigurationReference = C8790EEB7C012EEFD7576C8C /* Pods-AcademicPerformanceApp.debug.xcconfig */;
			buildSettings = {
				ASSETCATALOG_COMPILER_APPICON_NAME = AppIcon;
				CODE_SIGN_STYLE = Automatic;
				DEVELOPMENT_TEAM = "";
				INFOPLIST_FILE = AcademicPerformanceApp/Info.plist;
				LD_RUNPATH_SEARCH_PATHS = (
					"$(inherited)",
					"@executable_path/Frameworks",
				);
				PRODUCT_BUNDLE_IDENTIFIER = diplomaWork.AcademicPerformanceApp;
				PRODUCT_NAME = "$(TARGET_NAME)";
				SWIFT_VERSION = 4.2;
				TARGETED_DEVICE_FAMILY = "1,2";
			};
			name = Debug;
		};
		EDDEB4A221F0A71100330EE1 /* Release */ = {
			isa = XCBuildConfiguration;
			baseConfigurationReference = 3F544DAE724BC114C9998A5F /* Pods-AcademicPerformanceApp.release.xcconfig */;
			buildSettings = {
				ASSETCATALOG_COMPILER_APPICON_NAME = AppIcon;
				CODE_SIGN_STYLE = Automatic;
				DEVELOPMENT_TEAM = "";
				INFOPLIST_FILE = AcademicPerformanceApp/Info.plist;
				LD_RUNPATH_SEARCH_PATHS = (
					"$(inherited)",
					"@executable_path/Frameworks",
				);
				PRODUCT_BUNDLE_IDENTIFIER = diplomaWork.AcademicPerformanceApp;
				PRODUCT_NAME = "$(TARGET_NAME)";
				SWIFT_VERSION = 4.2;
				TARGETED_DEVICE_FAMILY = "1,2";
			};
			name = Release;
		};
		EDDEB4A421F0A71100330EE1 /* Debug */ = {
			isa = XCBuildConfiguration;
			baseConfigurationReference = 20BF85AC00A15AEECD4AF78F /* Pods-AcademicPerformanceAppTests.debug.xcconfig */;
			buildSettings = {
				ALWAYS_EMBED_SWIFT_STANDARD_LIBRARIES = YES;
				BUNDLE_LOADER = "$(TEST_HOST)";
				CODE_SIGN_STYLE = Automatic;
				INFOPLIST_FILE = AcademicPerformanceAppTests/Info.plist;
				LD_RUNPATH_SEARCH_PATHS = (
					"$(inherited)",
					"@executable_path/Frameworks",
					"@loader_path/Frameworks",
				);
				PRODUCT_BUNDLE_IDENTIFIER = diplomaWork.AcademicPerformanceAppTests;
				PRODUCT_NAME = "$(TARGET_NAME)";
				SWIFT_VERSION = 4.2;
				TARGETED_DEVICE_FAMILY = "1,2";
				TEST_HOST = "$(BUILT_PRODUCTS_DIR)/AcademicPerformanceApp.app/AcademicPerformanceApp";
			};
			name = Debug;
		};
		EDDEB4A521F0A71100330EE1 /* Release */ = {
			isa = XCBuildConfiguration;
			baseConfigurationReference = 96D511D7E0EF8A3F51769B3E /* Pods-AcademicPerformanceAppTests.release.xcconfig */;
			buildSettings = {
				ALWAYS_EMBED_SWIFT_STANDARD_LIBRARIES = YES;
				BUNDLE_LOADER = "$(TEST_HOST)";
				CODE_SIGN_STYLE = Automatic;
				INFOPLIST_FILE = AcademicPerformanceAppTests/Info.plist;
				LD_RUNPATH_SEARCH_PATHS = (
					"$(inherited)",
					"@executable_path/Frameworks",
					"@loader_path/Frameworks",
				);
				PRODUCT_BUNDLE_IDENTIFIER = diplomaWork.AcademicPerformanceAppTests;
				PRODUCT_NAME = "$(TARGET_NAME)";
				SWIFT_VERSION = 4.2;
				TARGETED_DEVICE_FAMILY = "1,2";
				TEST_HOST = "$(BUILT_PRODUCTS_DIR)/AcademicPerformanceApp.app/AcademicPerformanceApp";
			};
			name = Release;
		};
		EDDEB4A721F0A71100330EE1 /* Debug */ = {
			isa = XCBuildConfiguration;
			baseConfigurationReference = 47FB10CBB664E6CF3AB8C63F /* Pods-AcademicPerformanceAppUITests.debug.xcconfig */;
			buildSettings = {
				ALWAYS_EMBED_SWIFT_STANDARD_LIBRARIES = YES;
				CODE_SIGN_STYLE = Automatic;
				INFOPLIST_FILE = AcademicPerformanceAppUITests/Info.plist;
				LD_RUNPATH_SEARCH_PATHS = (
					"$(inherited)",
					"@executable_path/Frameworks",
					"@loader_path/Frameworks",
				);
				PRODUCT_BUNDLE_IDENTIFIER = diplomaWork.AcademicPerformanceAppUITests;
				PRODUCT_NAME = "$(TARGET_NAME)";
				SWIFT_VERSION = 4.2;
				TARGETED_DEVICE_FAMILY = "1,2";
				TEST_TARGET_NAME = AcademicPerformanceApp;
			};
			name = Debug;
		};
		EDDEB4A821F0A71100330EE1 /* Release */ = {
			isa = XCBuildConfiguration;
			baseConfigurationReference = 21F2468B42BB88B028C9898B /* Pods-AcademicPerformanceAppUITests.release.xcconfig */;
			buildSettings = {
				ALWAYS_EMBED_SWIFT_STANDARD_LIBRARIES = YES;
				CODE_SIGN_STYLE = Automatic;
				INFOPLIST_FILE = AcademicPerformanceAppUITests/Info.plist;
				LD_RUNPATH_SEARCH_PATHS = (
					"$(inherited)",
					"@executable_path/Frameworks",
					"@loader_path/Frameworks",
				);
				PRODUCT_BUNDLE_IDENTIFIER = diplomaWork.AcademicPerformanceAppUITests;
				PRODUCT_NAME = "$(TARGET_NAME)";
				SWIFT_VERSION = 4.2;
				TARGETED_DEVICE_FAMILY = "1,2";
				TEST_TARGET_NAME = AcademicPerformanceApp;
			};
			name = Release;
		};
/* End XCBuildConfiguration section */

/* Begin XCConfigurationList section */
		EDDEB47021F0A71000330EE1 /* Build configuration list for PBXProject "AcademicPerformanceApp" */ = {
			isa = XCConfigurationList;
			buildConfigurations = (
				EDDEB49E21F0A71100330EE1 /* Debug */,
				EDDEB49F21F0A71100330EE1 /* Release */,
			);
			defaultConfigurationIsVisible = 0;
			defaultConfigurationName = Release;
		};
		EDDEB4A021F0A71100330EE1 /* Build configuration list for PBXNativeTarget "AcademicPerformanceApp" */ = {
			isa = XCConfigurationList;
			buildConfigurations = (
				EDDEB4A121F0A71100330EE1 /* Debug */,
				EDDEB4A221F0A71100330EE1 /* Release */,
			);
			defaultConfigurationIsVisible = 0;
			defaultConfigurationName = Release;
		};
		EDDEB4A321F0A71100330EE1 /* Build configuration list for PBXNativeTarget "AcademicPerformanceAppTests" */ = {
			isa = XCConfigurationList;
			buildConfigurations = (
				EDDEB4A421F0A71100330EE1 /* Debug */,
				EDDEB4A521F0A71100330EE1 /* Release */,
			);
			defaultConfigurationIsVisible = 0;
			defaultConfigurationName = Release;
		};
		EDDEB4A621F0A71100330EE1 /* Build configuration list for PBXNativeTarget "AcademicPerformanceAppUITests" */ = {
			isa = XCConfigurationList;
			buildConfigurations = (
				EDDEB4A721F0A71100330EE1 /* Debug */,
				EDDEB4A821F0A71100330EE1 /* Release */,
			);
			defaultConfigurationIsVisible = 0;
			defaultConfigurationName = Release;
		};
/* End XCConfigurationList section */

/* Begin XCVersionGroup section */
		EDDEB47F21F0A71000330EE1 /* AcademicPerformanceApp.xcdatamodeld */ = {
			isa = XCVersionGroup;
			children = (
				EDDEB48021F0A71000330EE1 /* AcademicPerformanceApp.xcdatamodel */,
			);
			currentVersion = EDDEB48021F0A71000330EE1 /* AcademicPerformanceApp.xcdatamodel */;
			path = AcademicPerformanceApp.xcdatamodeld;
			sourceTree = "<group>";
			versionGroupType = wrapper.xcdatamodel;
		};
/* End XCVersionGroup section */
	};
	rootObject = EDDEB46D21F0A71000330EE1 /* Project object */;
}
